
Microsoft Visual Studio Solution File, Format Version 12.00
# Visual Studio 2012
Project("{8BC9CEB8-8B4A-11D0-8D11-00A0C91BC942}") = "ADRTrade", "ADRTrade\ADRTrade.vcxproj", "{EBFBE94F-FA2F-4764-974B-7F8270BC62AC}"
EndProject
Project("{8BC9CEB8-8B4A-11D0-8D11-00A0C91BC942}") = "Database", "Database\Database.vcxproj", "{D6CDD50A-3801-431F-988F-932B144D22DD}"
EndProject
Project("{8BC9CEB8-8B4A-11D0-8D11-00A0C91BC942}") = "Grid", "Grid\Grid.vcxproj", "{17D5572F-8057-47B2-B59B-00EC040B8C93}"
EndProject
Project("{8BC9CEB8-8B4A-11D0-8D11-00A0C91BC942}") = "ChartCtrlLib", "ChartCtrlLib\ChartCtrlLib.vcxproj", "{C6A114F3-70A1-40DE-B665-2A6F9BF4685A}"
EndProject
Project("{8BC9CEB8-8B4A-11D0-8D11-00A0C91BC942}") = "Utility", "Utility\Utility.vcxproj", "{5B36C72E-CE71-4138-AABC-AB37A52C9AD2}"
EndProject
Global
	GlobalSection(SolutionConfigurationPlatforms) = preSolution
		ChartCtrlLibS|Win32 = ChartCtrlLibS|Win32
		Debug|Win32 = Debug|Win32
		Release|Win32 = Release|Win32
		Template|Win32 = Template|Win32
	EndGlobalSection
	GlobalSection(ProjectConfigurationPlatforms) = postSolution
		{EBFBE94F-FA2F-4764-974B-7F8270BC62AC}.ChartCtrlLibS|Win32.ActiveCfg = Release|Win32
		{EBFBE94F-FA2F-4764-974B-7F8270BC62AC}.ChartCtrlLibS|Win32.Build.0 = Release|Win32
		{EBFBE94F-FA2F-4764-974B-7F8270BC62AC}.Debug|Win32.ActiveCfg = Debug|Win32
		{EBFBE94F-FA2F-4764-974B-7F8270BC62AC}.Debug|Win32.Build.0 = Debug|Win32
		{EBFBE94F-FA2F-4764-974B-7F8270BC62AC}.Release|Win32.ActiveCfg = Release|Win32
		{EBFBE94F-FA2F-4764-974B-7F8270BC62AC}.Release|Win32.Build.0 = Release|Win32
		{EBFBE94F-FA2F-4764-974B-7F8270BC62AC}.Template|Win32.ActiveCfg = Release|Win32
		{EBFBE94F-FA2F-4764-974B-7F8270BC62AC}.Template|Win32.Build.0 = Release|Win32
		{D6CDD50A-3801-431F-988F-932B144D22DD}.ChartCtrlLibS|Win32.ActiveCfg = Release|Win32
		{D6CDD50A-3801-431F-988F-932B144D22DD}.ChartCtrlLibS|Win32.Build.0 = Release|Win32
		{D6CDD50A-3801-431F-988F-932B144D22DD}.Debug|Win32.ActiveCfg = Debug|Win32
		{D6CDD50A-3801-431F-988F-932B144D22DD}.Debug|Win32.Build.0 = Debug|Win32
		{D6CDD50A-3801-431F-988F-932B144D22DD}.Release|Win32.ActiveCfg = Release|Win32
		{D6CDD50A-3801-431F-988F-932B144D22DD}.Release|Win32.Build.0 = Release|Win32
		{D6CDD50A-3801-431F-988F-932B144D22DD}.Template|Win32.ActiveCfg = Release|Win32
		{D6CDD50A-3801-431F-988F-932B144D22DD}.Template|Win32.Build.0 = Release|Win32
		{17D5572F-8057-47B2-B59B-00EC040B8C93}.ChartCtrlLibS|Win32.ActiveCfg = Release|Win32
		{17D5572F-8057-47B2-B59B-00EC040B8C93}.ChartCtrlLibS|Win32.Build.0 = Release|Win32
		{17D5572F-8057-47B2-B59B-00EC040B8C93}.Debug|Win32.ActiveCfg = Debug|Win32
		{17D5572F-8057-47B2-B59B-00EC040B8C93}.Debug|Win32.Build.0 = Debug|Win32
		{17D5572F-8057-47B2-B59B-00EC040B8C93}.Release|Win32.ActiveCfg = Release|Win32
		{17D5572F-8057-47B2-B59B-00EC040B8C93}.Release|Win32.Build.0 = Release|Win32
		{17D5572F-8057-47B2-B59B-00EC040B8C93}.Template|Win32.ActiveCfg = Release|Win32
		{17D5572F-8057-47B2-B59B-00EC040B8C93}.Template|Win32.Build.0 = Release|Win32
		{C6A114F3-70A1-40DE-B665-2A6F9BF4685A}.ChartCtrlLibS|Win32.ActiveCfg = ChartCtrlLibS|Win32
		{C6A114F3-70A1-40DE-B665-2A6F9BF4685A}.ChartCtrlLibS|Win32.Build.0 = ChartCtrlLibS|Win32
		{C6A114F3-70A1-40DE-B665-2A6F9BF4685A}.Debug|Win32.ActiveCfg = Debug|Win32
		{C6A114F3-70A1-40DE-B665-2A6F9BF4685A}.Debug|Win32.Build.0 = Debug|Win32
		{C6A114F3-70A1-40DE-B665-2A6F9BF4685A}.Release|Win32.ActiveCfg = Release|Win32
		{C6A114F3-70A1-40DE-B665-2A6F9BF4685A}.Release|Win32.Build.0 = Release|Win32
		{C6A114F3-70A1-40DE-B665-2A6F9BF4685A}.Template|Win32.ActiveCfg = ChartCtrlLibS|Win32
		{C6A114F3-70A1-40DE-B665-2A6F9BF4685A}.Template|Win32.Build.0 = ChartCtrlLibS|Win32
		{5B36C72E-CE71-4138-AABC-AB37A52C9AD2}.ChartCtrlLibS|Win32.ActiveCfg = Release|Win32
		{5B36C72E-CE71-4138-AABC-AB37A52C9AD2}.ChartCtrlLibS|Win32.Build.0 = Release|Win32
		{5B36C72E-CE71-4138-AABC-AB37A52C9AD2}.Debug|Win32.ActiveCfg = Debug|Win32
		{5B36C72E-CE71-4138-AABC-AB37A52C9AD2}.Debug|Win32.Build.0 = Debug|Win32
		{5B36C72E-CE71-4138-AABC-AB37A52C9AD2}.Release|Win32.ActiveCfg = Release|Win32
		{5B36C72E-CE71-4138-AABC-AB37A52C9AD2}.Release|Win32.Build.0 = Release|Win32
		{5B36C72E-CE71-4138-AABC-AB37A52C9AD2}.Template|Win32.ActiveCfg = Release|Win32
		{5B36C72E-CE71-4138-AABC-AB37A52C9AD2}.Template|Win32.Build.0 = Release|Win32
	EndGlobalSection
	GlobalSection(SolutionProperties) = preSolution
		HideSolutionNode = FALSE
	EndGlobalSection
EndGlobal
