
Microsoft Visual Studio Solution File, Format Version 12.00
# Visual Studio 2012
Project("{8BC9CEB8-8B4A-11D0-8D11-00A0C91BC942}") = "ADRTrade", "ADRTrade\ADRTrade.vcxproj", "{EBFBE94F-FA2F-4764-974B-7F8270BC62AC}"
EndProject
Project("{8BC9CEB8-8B4A-11D0-8D11-00A0C91BC942}") = "Database", "Database\Database.vcxproj", "{D6CDD50A-3801-431F-988F-932B144D22DD}"
EndProject
Project("{8BC9CEB8-8B4A-11D0-8D11-00A0C91BC942}") = "Grid", "Grid\Grid.vcxproj", "{17D5572F-8057-47B2-B59B-00EC040B8C93}"
EndProject
Project("{8BC9CEB8-8B4A-11D0-8D11-00A0C91BC942}") = "ChartCtrlLib", "ChartCtrlLib\ChartCtrlLib.vcxproj", "{C6A114F3-70A1-40DE-B665-2A6F9BF4685A}"
EndProject
Project("{8BC9CEB8-8B4A-11D0-8D11-00A0C91BC942}") = "Utility", "Utility\Utility.vcxproj", "{5B36C72E-CE71-4138-AABC-AB37A52C9AD2}"
EndProject
Project("{8BC9CEB8-8B4A-11D0-8D11-00A0C91BC942}") = "ChartDialog", "ChartDialog\ChartDialog_vc110.vcxproj", "{29462692-1857-7693-3448-724681117697}"
EndProject
Global
	GlobalSection(SolutionConfigurationPlatforms) = preSolution
		ChartCtrlLibS|Win32 = ChartCtrlLibS|Win32
		ChartCtrlLibS|x64 = ChartCtrlLibS|x64
		Debug|Win32 = Debug|Win32
		Debug|x64 = Debug|x64
		Dynamic Debug|Win32 = Dynamic Debug|Win32
		Dynamic Debug|x64 = Dynamic Debug|x64
		Dynamic Release|Win32 = Dynamic Release|Win32
		Dynamic Release|x64 = Dynamic Release|x64
		Dynamic Unicode Debug|Win32 = Dynamic Unicode Debug|Win32
		Dynamic Unicode Debug|x64 = Dynamic Unicode Debug|x64
		Dynamic Unicode Release|Win32 = Dynamic Unicode Release|Win32
		Dynamic Unicode Release|x64 = Dynamic Unicode Release|x64
		Release|Win32 = Release|Win32
		Release|x64 = Release|x64
		Static Debug|Win32 = Static Debug|Win32
		Static Debug|x64 = Static Debug|x64
		Static Release|Win32 = Static Release|Win32
		Static Release|x64 = Static Release|x64
		Static Unicode Debug|Win32 = Static Unicode Debug|Win32
		Static Unicode Debug|x64 = Static Unicode Debug|x64
		Static Unicode Release|Win32 = Static Unicode Release|Win32
		Static Unicode Release|x64 = Static Unicode Release|x64
		Template|Win32 = Template|Win32
		Template|x64 = Template|x64
		Unicode Debug|Win32 = Unicode Debug|Win32
		Unicode Debug|x64 = Unicode Debug|x64
		Unicode Release|Win32 = Unicode Release|Win32
		Unicode Release|x64 = Unicode Release|x64
	EndGlobalSection
	GlobalSection(ProjectConfigurationPlatforms) = postSolution
		{EBFBE94F-FA2F-4764-974B-7F8270BC62AC}.ChartCtrlLibS|Win32.ActiveCfg = Release|Win32
		{EBFBE94F-FA2F-4764-974B-7F8270BC62AC}.ChartCtrlLibS|Win32.Build.0 = Release|Win32
		{EBFBE94F-FA2F-4764-974B-7F8270BC62AC}.ChartCtrlLibS|x64.ActiveCfg = Debug|Win32
		{EBFBE94F-FA2F-4764-974B-7F8270BC62AC}.Debug|Win32.ActiveCfg = Debug|Win32
		{EBFBE94F-FA2F-4764-974B-7F8270BC62AC}.Debug|Win32.Build.0 = Debug|Win32
		{EBFBE94F-FA2F-4764-974B-7F8270BC62AC}.Debug|x64.ActiveCfg = Debug|Win32
		{EBFBE94F-FA2F-4764-974B-7F8270BC62AC}.Dynamic Debug|Win32.ActiveCfg = Debug|Win32
		{EBFBE94F-FA2F-4764-974B-7F8270BC62AC}.Dynamic Debug|Win32.Build.0 = Debug|Win32
		{EBFBE94F-FA2F-4764-974B-7F8270BC62AC}.Dynamic Debug|x64.ActiveCfg = Debug|Win32
		{EBFBE94F-FA2F-4764-974B-7F8270BC62AC}.Dynamic Release|Win32.ActiveCfg = Release|Win32
		{EBFBE94F-FA2F-4764-974B-7F8270BC62AC}.Dynamic Release|Win32.Build.0 = Release|Win32
		{EBFBE94F-FA2F-4764-974B-7F8270BC62AC}.Dynamic Release|x64.ActiveCfg = Release|Win32
		{EBFBE94F-FA2F-4764-974B-7F8270BC62AC}.Dynamic Unicode Debug|Win32.ActiveCfg = Debug|Win32
		{EBFBE94F-FA2F-4764-974B-7F8270BC62AC}.Dynamic Unicode Debug|Win32.Build.0 = Debug|Win32
		{EBFBE94F-FA2F-4764-974B-7F8270BC62AC}.Dynamic Unicode Debug|x64.ActiveCfg = Debug|Win32
		{EBFBE94F-FA2F-4764-974B-7F8270BC62AC}.Dynamic Unicode Release|Win32.ActiveCfg = Release|Win32
		{EBFBE94F-FA2F-4764-974B-7F8270BC62AC}.Dynamic Unicode Release|Win32.Build.0 = Release|Win32
		{EBFBE94F-FA2F-4764-974B-7F8270BC62AC}.Dynamic Unicode Release|x64.ActiveCfg = Release|Win32
		{EBFBE94F-FA2F-4764-974B-7F8270BC62AC}.Release|Win32.ActiveCfg = Release|Win32
		{EBFBE94F-FA2F-4764-974B-7F8270BC62AC}.Release|Win32.Build.0 = Release|Win32
		{EBFBE94F-FA2F-4764-974B-7F8270BC62AC}.Release|x64.ActiveCfg = Release|Win32
		{EBFBE94F-FA2F-4764-974B-7F8270BC62AC}.Static Debug|Win32.ActiveCfg = Debug|Win32
		{EBFBE94F-FA2F-4764-974B-7F8270BC62AC}.Static Debug|Win32.Build.0 = Debug|Win32
		{EBFBE94F-FA2F-4764-974B-7F8270BC62AC}.Static Debug|x64.ActiveCfg = Debug|Win32
		{EBFBE94F-FA2F-4764-974B-7F8270BC62AC}.Static Release|Win32.ActiveCfg = Release|Win32
		{EBFBE94F-FA2F-4764-974B-7F8270BC62AC}.Static Release|Win32.Build.0 = Release|Win32
		{EBFBE94F-FA2F-4764-974B-7F8270BC62AC}.Static Release|x64.ActiveCfg = Release|Win32
		{EBFBE94F-FA2F-4764-974B-7F8270BC62AC}.Static Unicode Debug|Win32.ActiveCfg = Debug|Win32
		{EBFBE94F-FA2F-4764-974B-7F8270BC62AC}.Static Unicode Debug|Win32.Build.0 = Debug|Win32
		{EBFBE94F-FA2F-4764-974B-7F8270BC62AC}.Static Unicode Debug|x64.ActiveCfg = Debug|Win32
		{EBFBE94F-FA2F-4764-974B-7F8270BC62AC}.Static Unicode Release|Win32.ActiveCfg = Release|Win32
		{EBFBE94F-FA2F-4764-974B-7F8270BC62AC}.Static Unicode Release|Win32.Build.0 = Release|Win32
		{EBFBE94F-FA2F-4764-974B-7F8270BC62AC}.Static Unicode Release|x64.ActiveCfg = Release|Win32
		{EBFBE94F-FA2F-4764-974B-7F8270BC62AC}.Template|Win32.ActiveCfg = Release|Win32
		{EBFBE94F-FA2F-4764-974B-7F8270BC62AC}.Template|Win32.Build.0 = Release|Win32
		{EBFBE94F-FA2F-4764-974B-7F8270BC62AC}.Template|x64.ActiveCfg = Debug|Win32
		{EBFBE94F-FA2F-4764-974B-7F8270BC62AC}.Unicode Debug|Win32.ActiveCfg = Debug|Win32
		{EBFBE94F-FA2F-4764-974B-7F8270BC62AC}.Unicode Debug|Win32.Build.0 = Debug|Win32
		{EBFBE94F-FA2F-4764-974B-7F8270BC62AC}.Unicode Debug|x64.ActiveCfg = Debug|Win32
		{EBFBE94F-FA2F-4764-974B-7F8270BC62AC}.Unicode Release|Win32.ActiveCfg = Release|Win32
		{EBFBE94F-FA2F-4764-974B-7F8270BC62AC}.Unicode Release|Win32.Build.0 = Release|Win32
		{EBFBE94F-FA2F-4764-974B-7F8270BC62AC}.Unicode Release|x64.ActiveCfg = Release|Win32
		{D6CDD50A-3801-431F-988F-932B144D22DD}.ChartCtrlLibS|Win32.ActiveCfg = Release|Win32
		{D6CDD50A-3801-431F-988F-932B144D22DD}.ChartCtrlLibS|Win32.Build.0 = Release|Win32
		{D6CDD50A-3801-431F-988F-932B144D22DD}.ChartCtrlLibS|x64.ActiveCfg = Debug|Win32
		{D6CDD50A-3801-431F-988F-932B144D22DD}.Debug|Win32.ActiveCfg = Debug|Win32
		{D6CDD50A-3801-431F-988F-932B144D22DD}.Debug|Win32.Build.0 = Debug|Win32
		{D6CDD50A-3801-431F-988F-932B144D22DD}.Debug|x64.ActiveCfg = Debug|Win32
		{D6CDD50A-3801-431F-988F-932B144D22DD}.Dynamic Debug|Win32.ActiveCfg = Debug|Win32
		{D6CDD50A-3801-431F-988F-932B144D22DD}.Dynamic Debug|Win32.Build.0 = Debug|Win32
		{D6CDD50A-3801-431F-988F-932B144D22DD}.Dynamic Debug|x64.ActiveCfg = Debug|Win32
		{D6CDD50A-3801-431F-988F-932B144D22DD}.Dynamic Release|Win32.ActiveCfg = Release|Win32
		{D6CDD50A-3801-431F-988F-932B144D22DD}.Dynamic Release|Win32.Build.0 = Release|Win32
		{D6CDD50A-3801-431F-988F-932B144D22DD}.Dynamic Release|x64.ActiveCfg = Release|Win32
		{D6CDD50A-3801-431F-988F-932B144D22DD}.Dynamic Unicode Debug|Win32.ActiveCfg = Debug|Win32
		{D6CDD50A-3801-431F-988F-932B144D22DD}.Dynamic Unicode Debug|Win32.Build.0 = Debug|Win32
		{D6CDD50A-3801-431F-988F-932B144D22DD}.Dynamic Unicode Debug|x64.ActiveCfg = Debug|Win32
		{D6CDD50A-3801-431F-988F-932B144D22DD}.Dynamic Unicode Release|Win32.ActiveCfg = Release|Win32
		{D6CDD50A-3801-431F-988F-932B144D22DD}.Dynamic Unicode Release|Win32.Build.0 = Release|Win32
		{D6CDD50A-3801-431F-988F-932B144D22DD}.Dynamic Unicode Release|x64.ActiveCfg = Release|Win32
		{D6CDD50A-3801-431F-988F-932B144D22DD}.Release|Win32.ActiveCfg = Release|Win32
		{D6CDD50A-3801-431F-988F-932B144D22DD}.Release|Win32.Build.0 = Release|Win32
		{D6CDD50A-3801-431F-988F-932B144D22DD}.Release|x64.ActiveCfg = Release|Win32
		{D6CDD50A-3801-431F-988F-932B144D22DD}.Static Debug|Win32.ActiveCfg = Debug|Win32
		{D6CDD50A-3801-431F-988F-932B144D22DD}.Static Debug|Win32.Build.0 = Debug|Win32
		{D6CDD50A-3801-431F-988F-932B144D22DD}.Static Debug|x64.ActiveCfg = Debug|Win32
		{D6CDD50A-3801-431F-988F-932B144D22DD}.Static Release|Win32.ActiveCfg = Release|Win32
		{D6CDD50A-3801-431F-988F-932B144D22DD}.Static Release|Win32.Build.0 = Release|Win32
		{D6CDD50A-3801-431F-988F-932B144D22DD}.Static Release|x64.ActiveCfg = Release|Win32
		{D6CDD50A-3801-431F-988F-932B144D22DD}.Static Unicode Debug|Win32.ActiveCfg = Debug|Win32
		{D6CDD50A-3801-431F-988F-932B144D22DD}.Static Unicode Debug|Win32.Build.0 = Debug|Win32
		{D6CDD50A-3801-431F-988F-932B144D22DD}.Static Unicode Debug|x64.ActiveCfg = Debug|Win32
		{D6CDD50A-3801-431F-988F-932B144D22DD}.Static Unicode Release|Win32.ActiveCfg = Release|Win32
		{D6CDD50A-3801-431F-988F-932B144D22DD}.Static Unicode Release|Win32.Build.0 = Release|Win32
		{D6CDD50A-3801-431F-988F-932B144D22DD}.Static Unicode Release|x64.ActiveCfg = Release|Win32
		{D6CDD50A-3801-431F-988F-932B144D22DD}.Template|Win32.ActiveCfg = Release|Win32
		{D6CDD50A-3801-431F-988F-932B144D22DD}.Template|Win32.Build.0 = Release|Win32
		{D6CDD50A-3801-431F-988F-932B144D22DD}.Template|x64.ActiveCfg = Debug|Win32
		{D6CDD50A-3801-431F-988F-932B144D22DD}.Unicode Debug|Win32.ActiveCfg = Debug|Win32
		{D6CDD50A-3801-431F-988F-932B144D22DD}.Unicode Debug|Win32.Build.0 = Debug|Win32
		{D6CDD50A-3801-431F-988F-932B144D22DD}.Unicode Debug|x64.ActiveCfg = Debug|Win32
		{D6CDD50A-3801-431F-988F-932B144D22DD}.Unicode Release|Win32.ActiveCfg = Release|Win32
		{D6CDD50A-3801-431F-988F-932B144D22DD}.Unicode Release|Win32.Build.0 = Release|Win32
		{D6CDD50A-3801-431F-988F-932B144D22DD}.Unicode Release|x64.ActiveCfg = Release|Win32
		{17D5572F-8057-47B2-B59B-00EC040B8C93}.ChartCtrlLibS|Win32.ActiveCfg = Release|Win32
		{17D5572F-8057-47B2-B59B-00EC040B8C93}.ChartCtrlLibS|Win32.Build.0 = Release|Win32
		{17D5572F-8057-47B2-B59B-00EC040B8C93}.ChartCtrlLibS|x64.ActiveCfg = Debug|Win32
		{17D5572F-8057-47B2-B59B-00EC040B8C93}.Debug|Win32.ActiveCfg = Debug|Win32
		{17D5572F-8057-47B2-B59B-00EC040B8C93}.Debug|Win32.Build.0 = Debug|Win32
		{17D5572F-8057-47B2-B59B-00EC040B8C93}.Debug|x64.ActiveCfg = Debug|Win32
		{17D5572F-8057-47B2-B59B-00EC040B8C93}.Dynamic Debug|Win32.ActiveCfg = Debug|Win32
		{17D5572F-8057-47B2-B59B-00EC040B8C93}.Dynamic Debug|Win32.Build.0 = Debug|Win32
		{17D5572F-8057-47B2-B59B-00EC040B8C93}.Dynamic Debug|x64.ActiveCfg = Debug|Win32
		{17D5572F-8057-47B2-B59B-00EC040B8C93}.Dynamic Release|Win32.ActiveCfg = Release|Win32
		{17D5572F-8057-47B2-B59B-00EC040B8C93}.Dynamic Release|Win32.Build.0 = Release|Win32
		{17D5572F-8057-47B2-B59B-00EC040B8C93}.Dynamic Release|x64.ActiveCfg = Release|Win32
		{17D5572F-8057-47B2-B59B-00EC040B8C93}.Dynamic Unicode Debug|Win32.ActiveCfg = Debug|Win32
		{17D5572F-8057-47B2-B59B-00EC040B8C93}.Dynamic Unicode Debug|Win32.Build.0 = Debug|Win32
		{17D5572F-8057-47B2-B59B-00EC040B8C93}.Dynamic Unicode Debug|x64.ActiveCfg = Debug|Win32
		{17D5572F-8057-47B2-B59B-00EC040B8C93}.Dynamic Unicode Release|Win32.ActiveCfg = Release|Win32
		{17D5572F-8057-47B2-B59B-00EC040B8C93}.Dynamic Unicode Release|Win32.Build.0 = Release|Win32
		{17D5572F-8057-47B2-B59B-00EC040B8C93}.Dynamic Unicode Release|x64.ActiveCfg = Release|Win32
		{17D5572F-8057-47B2-B59B-00EC040B8C93}.Release|Win32.ActiveCfg = Release|Win32
		{17D5572F-8057-47B2-B59B-00EC040B8C93}.Release|Win32.Build.0 = Release|Win32
		{17D5572F-8057-47B2-B59B-00EC040B8C93}.Release|x64.ActiveCfg = Release|Win32
		{17D5572F-8057-47B2-B59B-00EC040B8C93}.Static Debug|Win32.ActiveCfg = Debug|Win32
		{17D5572F-8057-47B2-B59B-00EC040B8C93}.Static Debug|Win32.Build.0 = Debug|Win32
		{17D5572F-8057-47B2-B59B-00EC040B8C93}.Static Debug|x64.ActiveCfg = Debug|Win32
		{17D5572F-8057-47B2-B59B-00EC040B8C93}.Static Release|Win32.ActiveCfg = Release|Win32
		{17D5572F-8057-47B2-B59B-00EC040B8C93}.Static Release|Win32.Build.0 = Release|Win32
		{17D5572F-8057-47B2-B59B-00EC040B8C93}.Static Release|x64.ActiveCfg = Release|Win32
		{17D5572F-8057-47B2-B59B-00EC040B8C93}.Static Unicode Debug|Win32.ActiveCfg = Debug|Win32
		{17D5572F-8057-47B2-B59B-00EC040B8C93}.Static Unicode Debug|Win32.Build.0 = Debug|Win32
		{17D5572F-8057-47B2-B59B-00EC040B8C93}.Static Unicode Debug|x64.ActiveCfg = Debug|Win32
		{17D5572F-8057-47B2-B59B-00EC040B8C93}.Static Unicode Release|Win32.ActiveCfg = Release|Win32
		{17D5572F-8057-47B2-B59B-00EC040B8C93}.Static Unicode Release|Win32.Build.0 = Release|Win32
		{17D5572F-8057-47B2-B59B-00EC040B8C93}.Static Unicode Release|x64.ActiveCfg = Release|Win32
		{17D5572F-8057-47B2-B59B-00EC040B8C93}.Template|Win32.ActiveCfg = Release|Win32
		{17D5572F-8057-47B2-B59B-00EC040B8C93}.Template|Win32.Build.0 = Release|Win32
		{17D5572F-8057-47B2-B59B-00EC040B8C93}.Template|x64.ActiveCfg = Debug|Win32
		{17D5572F-8057-47B2-B59B-00EC040B8C93}.Unicode Debug|Win32.ActiveCfg = Debug|Win32
		{17D5572F-8057-47B2-B59B-00EC040B8C93}.Unicode Debug|Win32.Build.0 = Debug|Win32
		{17D5572F-8057-47B2-B59B-00EC040B8C93}.Unicode Debug|x64.ActiveCfg = Debug|Win32
		{17D5572F-8057-47B2-B59B-00EC040B8C93}.Unicode Release|Win32.ActiveCfg = Release|Win32
		{17D5572F-8057-47B2-B59B-00EC040B8C93}.Unicode Release|Win32.Build.0 = Release|Win32
		{17D5572F-8057-47B2-B59B-00EC040B8C93}.Unicode Release|x64.ActiveCfg = Release|Win32
		{C6A114F3-70A1-40DE-B665-2A6F9BF4685A}.ChartCtrlLibS|Win32.ActiveCfg = ChartCtrlLibS|Win32
		{C6A114F3-70A1-40DE-B665-2A6F9BF4685A}.ChartCtrlLibS|Win32.Build.0 = ChartCtrlLibS|Win32
		{C6A114F3-70A1-40DE-B665-2A6F9BF4685A}.ChartCtrlLibS|x64.ActiveCfg = ChartCtrlLibS|Win32
		{C6A114F3-70A1-40DE-B665-2A6F9BF4685A}.Debug|Win32.ActiveCfg = Debug|Win32
		{C6A114F3-70A1-40DE-B665-2A6F9BF4685A}.Debug|Win32.Build.0 = Debug|Win32
		{C6A114F3-70A1-40DE-B665-2A6F9BF4685A}.Debug|x64.ActiveCfg = Debug|Win32
		{C6A114F3-70A1-40DE-B665-2A6F9BF4685A}.Dynamic Debug|Win32.ActiveCfg = Debug|Win32
		{C6A114F3-70A1-40DE-B665-2A6F9BF4685A}.Dynamic Debug|Win32.Build.0 = Debug|Win32
		{C6A114F3-70A1-40DE-B665-2A6F9BF4685A}.Dynamic Debug|x64.ActiveCfg = Debug|Win32
		{C6A114F3-70A1-40DE-B665-2A6F9BF4685A}.Dynamic Release|Win32.ActiveCfg = Release|Win32
		{C6A114F3-70A1-40DE-B665-2A6F9BF4685A}.Dynamic Release|Win32.Build.0 = Release|Win32
		{C6A114F3-70A1-40DE-B665-2A6F9BF4685A}.Dynamic Release|x64.ActiveCfg = Release|Win32
		{C6A114F3-70A1-40DE-B665-2A6F9BF4685A}.Dynamic Unicode Debug|Win32.ActiveCfg = Debug|Win32
		{C6A114F3-70A1-40DE-B665-2A6F9BF4685A}.Dynamic Unicode Debug|Win32.Build.0 = Debug|Win32
		{C6A114F3-70A1-40DE-B665-2A6F9BF4685A}.Dynamic Unicode Debug|x64.ActiveCfg = Debug|Win32
		{C6A114F3-70A1-40DE-B665-2A6F9BF4685A}.Dynamic Unicode Release|Win32.ActiveCfg = Release|Win32
		{C6A114F3-70A1-40DE-B665-2A6F9BF4685A}.Dynamic Unicode Release|Win32.Build.0 = Release|Win32
		{C6A114F3-70A1-40DE-B665-2A6F9BF4685A}.Dynamic Unicode Release|x64.ActiveCfg = Release|Win32
		{C6A114F3-70A1-40DE-B665-2A6F9BF4685A}.Release|Win32.ActiveCfg = Release|Win32
		{C6A114F3-70A1-40DE-B665-2A6F9BF4685A}.Release|Win32.Build.0 = Release|Win32
		{C6A114F3-70A1-40DE-B665-2A6F9BF4685A}.Release|x64.ActiveCfg = Release|Win32
		{C6A114F3-70A1-40DE-B665-2A6F9BF4685A}.Static Debug|Win32.ActiveCfg = Debug|Win32
		{C6A114F3-70A1-40DE-B665-2A6F9BF4685A}.Static Debug|Win32.Build.0 = Debug|Win32
		{C6A114F3-70A1-40DE-B665-2A6F9BF4685A}.Static Debug|x64.ActiveCfg = Debug|Win32
		{C6A114F3-70A1-40DE-B665-2A6F9BF4685A}.Static Release|Win32.ActiveCfg = Release|Win32
		{C6A114F3-70A1-40DE-B665-2A6F9BF4685A}.Static Release|Win32.Build.0 = Release|Win32
		{C6A114F3-70A1-40DE-B665-2A6F9BF4685A}.Static Release|x64.ActiveCfg = Release|Win32
		{C6A114F3-70A1-40DE-B665-2A6F9BF4685A}.Static Unicode Debug|Win32.ActiveCfg = Debug|Win32
		{C6A114F3-70A1-40DE-B665-2A6F9BF4685A}.Static Unicode Debug|Win32.Build.0 = Debug|Win32
		{C6A114F3-70A1-40DE-B665-2A6F9BF4685A}.Static Unicode Debug|x64.ActiveCfg = Debug|Win32
		{C6A114F3-70A1-40DE-B665-2A6F9BF4685A}.Static Unicode Release|Win32.ActiveCfg = Release|Win32
		{C6A114F3-70A1-40DE-B665-2A6F9BF4685A}.Static Unicode Release|Win32.Build.0 = Release|Win32
		{C6A114F3-70A1-40DE-B665-2A6F9BF4685A}.Static Unicode Release|x64.ActiveCfg = Release|Win32
		{C6A114F3-70A1-40DE-B665-2A6F9BF4685A}.Template|Win32.ActiveCfg = ChartCtrlLibS|Win32
		{C6A114F3-70A1-40DE-B665-2A6F9BF4685A}.Template|Win32.Build.0 = ChartCtrlLibS|Win32
		{C6A114F3-70A1-40DE-B665-2A6F9BF4685A}.Template|x64.ActiveCfg = Release|Win32
		{C6A114F3-70A1-40DE-B665-2A6F9BF4685A}.Unicode Debug|Win32.ActiveCfg = Debug|Win32
		{C6A114F3-70A1-40DE-B665-2A6F9BF4685A}.Unicode Debug|Win32.Build.0 = Debug|Win32
		{C6A114F3-70A1-40DE-B665-2A6F9BF4685A}.Unicode Debug|x64.ActiveCfg = Debug|Win32
		{C6A114F3-70A1-40DE-B665-2A6F9BF4685A}.Unicode Release|Win32.ActiveCfg = Release|Win32
		{C6A114F3-70A1-40DE-B665-2A6F9BF4685A}.Unicode Release|Win32.Build.0 = Release|Win32
		{C6A114F3-70A1-40DE-B665-2A6F9BF4685A}.Unicode Release|x64.ActiveCfg = Release|Win32
		{5B36C72E-CE71-4138-AABC-AB37A52C9AD2}.ChartCtrlLibS|Win32.ActiveCfg = Release|Win32
		{5B36C72E-CE71-4138-AABC-AB37A52C9AD2}.ChartCtrlLibS|Win32.Build.0 = Release|Win32
		{5B36C72E-CE71-4138-AABC-AB37A52C9AD2}.ChartCtrlLibS|x64.ActiveCfg = Debug|Win32
		{5B36C72E-CE71-4138-AABC-AB37A52C9AD2}.Debug|Win32.ActiveCfg = Debug|Win32
		{5B36C72E-CE71-4138-AABC-AB37A52C9AD2}.Debug|Win32.Build.0 = Debug|Win32
		{5B36C72E-CE71-4138-AABC-AB37A52C9AD2}.Debug|x64.ActiveCfg = Debug|Win32
		{5B36C72E-CE71-4138-AABC-AB37A52C9AD2}.Dynamic Debug|Win32.ActiveCfg = Debug|Win32
		{5B36C72E-CE71-4138-AABC-AB37A52C9AD2}.Dynamic Debug|Win32.Build.0 = Debug|Win32
		{5B36C72E-CE71-4138-AABC-AB37A52C9AD2}.Dynamic Debug|x64.ActiveCfg = Debug|Win32
		{5B36C72E-CE71-4138-AABC-AB37A52C9AD2}.Dynamic Release|Win32.ActiveCfg = Release|Win32
		{5B36C72E-CE71-4138-AABC-AB37A52C9AD2}.Dynamic Release|Win32.Build.0 = Release|Win32
		{5B36C72E-CE71-4138-AABC-AB37A52C9AD2}.Dynamic Release|x64.ActiveCfg = Release|Win32
		{5B36C72E-CE71-4138-AABC-AB37A52C9AD2}.Dynamic Unicode Debug|Win32.ActiveCfg = Debug|Win32
		{5B36C72E-CE71-4138-AABC-AB37A52C9AD2}.Dynamic Unicode Debug|Win32.Build.0 = Debug|Win32
		{5B36C72E-CE71-4138-AABC-AB37A52C9AD2}.Dynamic Unicode Debug|x64.ActiveCfg = Debug|Win32
		{5B36C72E-CE71-4138-AABC-AB37A52C9AD2}.Dynamic Unicode Release|Win32.ActiveCfg = Release|Win32
		{5B36C72E-CE71-4138-AABC-AB37A52C9AD2}.Dynamic Unicode Release|Win32.Build.0 = Release|Win32
		{5B36C72E-CE71-4138-AABC-AB37A52C9AD2}.Dynamic Unicode Release|x64.ActiveCfg = Release|Win32
		{5B36C72E-CE71-4138-AABC-AB37A52C9AD2}.Release|Win32.ActiveCfg = Release|Win32
		{5B36C72E-CE71-4138-AABC-AB37A52C9AD2}.Release|Win32.Build.0 = Release|Win32
		{5B36C72E-CE71-4138-AABC-AB37A52C9AD2}.Release|x64.ActiveCfg = Release|Win32
		{5B36C72E-CE71-4138-AABC-AB37A52C9AD2}.Static Debug|Win32.ActiveCfg = Debug|Win32
		{5B36C72E-CE71-4138-AABC-AB37A52C9AD2}.Static Debug|Win32.Build.0 = Debug|Win32
		{5B36C72E-CE71-4138-AABC-AB37A52C9AD2}.Static Debug|x64.ActiveCfg = Debug|Win32
		{5B36C72E-CE71-4138-AABC-AB37A52C9AD2}.Static Release|Win32.ActiveCfg = Release|Win32
		{5B36C72E-CE71-4138-AABC-AB37A52C9AD2}.Static Release|Win32.Build.0 = Release|Win32
		{5B36C72E-CE71-4138-AABC-AB37A52C9AD2}.Static Release|x64.ActiveCfg = Release|Win32
		{5B36C72E-CE71-4138-AABC-AB37A52C9AD2}.Static Unicode Debug|Win32.ActiveCfg = Debug|Win32
		{5B36C72E-CE71-4138-AABC-AB37A52C9AD2}.Static Unicode Debug|Win32.Build.0 = Debug|Win32
		{5B36C72E-CE71-4138-AABC-AB37A52C9AD2}.Static Unicode Debug|x64.ActiveCfg = Debug|Win32
		{5B36C72E-CE71-4138-AABC-AB37A52C9AD2}.Static Unicode Release|Win32.ActiveCfg = Release|Win32
		{5B36C72E-CE71-4138-AABC-AB37A52C9AD2}.Static Unicode Release|Win32.Build.0 = Release|Win32
		{5B36C72E-CE71-4138-AABC-AB37A52C9AD2}.Static Unicode Release|x64.ActiveCfg = Release|Win32
		{5B36C72E-CE71-4138-AABC-AB37A52C9AD2}.Template|Win32.ActiveCfg = Release|Win32
		{5B36C72E-CE71-4138-AABC-AB37A52C9AD2}.Template|Win32.Build.0 = Release|Win32
		{5B36C72E-CE71-4138-AABC-AB37A52C9AD2}.Template|x64.ActiveCfg = Debug|Win32
		{5B36C72E-CE71-4138-AABC-AB37A52C9AD2}.Unicode Debug|Win32.ActiveCfg = Debug|Win32
		{5B36C72E-CE71-4138-AABC-AB37A52C9AD2}.Unicode Debug|Win32.Build.0 = Debug|Win32
		{5B36C72E-CE71-4138-AABC-AB37A52C9AD2}.Unicode Debug|x64.ActiveCfg = Debug|Win32
		{5B36C72E-CE71-4138-AABC-AB37A52C9AD2}.Unicode Release|Win32.ActiveCfg = Release|Win32
		{5B36C72E-CE71-4138-AABC-AB37A52C9AD2}.Unicode Release|Win32.Build.0 = Release|Win32
		{5B36C72E-CE71-4138-AABC-AB37A52C9AD2}.Unicode Release|x64.ActiveCfg = Release|Win32
		{29462692-1857-7693-3448-724681117697}.ChartCtrlLibS|Win32.ActiveCfg = Static Unicode Release|Win32
		{29462692-1857-7693-3448-724681117697}.ChartCtrlLibS|Win32.Build.0 = Static Unicode Release|Win32
		{29462692-1857-7693-3448-724681117697}.ChartCtrlLibS|x64.ActiveCfg = Static Unicode Release|x64
		{29462692-1857-7693-3448-724681117697}.ChartCtrlLibS|x64.Build.0 = Static Unicode Release|x64
		{29462692-1857-7693-3448-724681117697}.Debug|Win32.ActiveCfg = Debug|Win32
		{29462692-1857-7693-3448-724681117697}.Debug|Win32.Build.0 = Debug|Win32
		{29462692-1857-7693-3448-724681117697}.Debug|x64.ActiveCfg = Debug|x64
		{29462692-1857-7693-3448-724681117697}.Debug|x64.Build.0 = Debug|x64
		{29462692-1857-7693-3448-724681117697}.Dynamic Debug|Win32.ActiveCfg = Dynamic Debug|Win32
		{29462692-1857-7693-3448-724681117697}.Dynamic Debug|Win32.Build.0 = Dynamic Debug|Win32
		{29462692-1857-7693-3448-724681117697}.Dynamic Debug|x64.ActiveCfg = Dynamic Debug|x64
		{29462692-1857-7693-3448-724681117697}.Dynamic Debug|x64.Build.0 = Dynamic Debug|x64
		{29462692-1857-7693-3448-724681117697}.Dynamic Release|Win32.ActiveCfg = Dynamic Release|Win32
		{29462692-1857-7693-3448-724681117697}.Dynamic Release|Win32.Build.0 = Dynamic Release|Win32
		{29462692-1857-7693-3448-724681117697}.Dynamic Release|x64.ActiveCfg = Dynamic Release|x64
		{29462692-1857-7693-3448-724681117697}.Dynamic Release|x64.Build.0 = Dynamic Release|x64
		{29462692-1857-7693-3448-724681117697}.Dynamic Unicode Debug|Win32.ActiveCfg = Dynamic Unicode Debug|Win32
		{29462692-1857-7693-3448-724681117697}.Dynamic Unicode Debug|Win32.Build.0 = Dynamic Unicode Debug|Win32
		{29462692-1857-7693-3448-724681117697}.Dynamic Unicode Debug|x64.ActiveCfg = Dynamic Unicode Debug|x64
		{29462692-1857-7693-3448-724681117697}.Dynamic Unicode Debug|x64.Build.0 = Dynamic Unicode Debug|x64
		{29462692-1857-7693-3448-724681117697}.Dynamic Unicode Release|Win32.ActiveCfg = Dynamic Unicode Release|Win32
		{29462692-1857-7693-3448-724681117697}.Dynamic Unicode Release|Win32.Build.0 = Dynamic Unicode Release|Win32
		{29462692-1857-7693-3448-724681117697}.Dynamic Unicode Release|x64.ActiveCfg = Dynamic Unicode Release|x64
		{29462692-1857-7693-3448-724681117697}.Dynamic Unicode Release|x64.Build.0 = Dynamic Unicode Release|x64
		{29462692-1857-7693-3448-724681117697}.Release|Win32.ActiveCfg = Release|Win32
		{29462692-1857-7693-3448-724681117697}.Release|Win32.Build.0 = Release|Win32
		{29462692-1857-7693-3448-724681117697}.Release|x64.ActiveCfg = Release|x64
		{29462692-1857-7693-3448-724681117697}.Release|x64.Build.0 = Release|x64
		{29462692-1857-7693-3448-724681117697}.Static Debug|Win32.ActiveCfg = Static Debug|Win32
		{29462692-1857-7693-3448-724681117697}.Static Debug|Win32.Build.0 = Static Debug|Win32
		{29462692-1857-7693-3448-724681117697}.Static Debug|x64.ActiveCfg = Static Debug|x64
		{29462692-1857-7693-3448-724681117697}.Static Debug|x64.Build.0 = Static Debug|x64
		{29462692-1857-7693-3448-724681117697}.Static Release|Win32.ActiveCfg = Static Release|Win32
		{29462692-1857-7693-3448-724681117697}.Static Release|Win32.Build.0 = Static Release|Win32
		{29462692-1857-7693-3448-724681117697}.Static Release|x64.ActiveCfg = Static Release|x64
		{29462692-1857-7693-3448-724681117697}.Static Release|x64.Build.0 = Static Release|x64
		{29462692-1857-7693-3448-724681117697}.Static Unicode Debug|Win32.ActiveCfg = Static Unicode Debug|Win32
		{29462692-1857-7693-3448-724681117697}.Static Unicode Debug|Win32.Build.0 = Static Unicode Debug|Win32
		{29462692-1857-7693-3448-724681117697}.Static Unicode Debug|x64.ActiveCfg = Static Unicode Debug|x64
		{29462692-1857-7693-3448-724681117697}.Static Unicode Debug|x64.Build.0 = Static Unicode Debug|x64
		{29462692-1857-7693-3448-724681117697}.Static Unicode Release|Win32.ActiveCfg = Static Unicode Release|Win32
		{29462692-1857-7693-3448-724681117697}.Static Unicode Release|Win32.Build.0 = Static Unicode Release|Win32
		{29462692-1857-7693-3448-724681117697}.Static Unicode Release|x64.ActiveCfg = Static Unicode Release|x64
		{29462692-1857-7693-3448-724681117697}.Static Unicode Release|x64.Build.0 = Static Unicode Release|x64
		{29462692-1857-7693-3448-724681117697}.Template|Win32.ActiveCfg = Static Unicode Release|Win32
		{29462692-1857-7693-3448-724681117697}.Template|Win32.Build.0 = Static Unicode Release|Win32
		{29462692-1857-7693-3448-724681117697}.Template|x64.ActiveCfg = Static Unicode Release|x64
		{29462692-1857-7693-3448-724681117697}.Template|x64.Build.0 = Static Unicode Release|x64
		{29462692-1857-7693-3448-724681117697}.Unicode Debug|Win32.ActiveCfg = Unicode Debug|Win32
		{29462692-1857-7693-3448-724681117697}.Unicode Debug|Win32.Build.0 = Unicode Debug|Win32
		{29462692-1857-7693-3448-724681117697}.Unicode Debug|x64.ActiveCfg = Unicode Debug|x64
		{29462692-1857-7693-3448-724681117697}.Unicode Debug|x64.Build.0 = Unicode Debug|x64
		{29462692-1857-7693-3448-724681117697}.Unicode Release|Win32.ActiveCfg = Unicode Release|Win32
		{29462692-1857-7693-3448-724681117697}.Unicode Release|Win32.Build.0 = Unicode Release|Win32
		{29462692-1857-7693-3448-724681117697}.Unicode Release|x64.ActiveCfg = Unicode Release|x64
		{29462692-1857-7693-3448-724681117697}.Unicode Release|x64.Build.0 = Unicode Release|x64
	EndGlobalSection
	GlobalSection(SolutionProperties) = preSolution
		HideSolutionNode = FALSE
	EndGlobalSection
EndGlobal
