
Microsoft Visual Studio Solution File, Format Version 12.00
# Visual Studio 2012
Project("{8BC9CEB8-8B4A-11D0-8D11-00A0C91BC942}") = "ADRTrade", "ADRTrade\ADRTrade.vcxproj", "{EBFBE94F-FA2F-4764-974B-7F8270BC62AC}"
EndProject
Global
	GlobalSection(SolutionConfigurationPlatforms) = preSolution
		Debug|Win32 = Debug|Win32
		Release|Win32 = Release|Win32
	EndGlobalSection
	GlobalSection(ProjectConfigurationPlatforms) = postSolution
		{EBFBE94F-FA2F-4764-974B-7F8270BC62AC}.Debug|Win32.ActiveCfg = Debug|Win32
		{EBFBE94F-FA2F-4764-974B-7F8270BC62AC}.Debug|Win32.Build.0 = Debug|Win32
		{EBFBE94F-FA2F-4764-974B-7F8270BC62AC}.Release|Win32.ActiveCfg = Release|Win32
		{EBFBE94F-FA2F-4764-974B-7F8270BC62AC}.Release|Win32.Build.0 = Release|Win32
	EndGlobalSection
	GlobalSection(SolutionProperties) = preSolution
		HideSolutionNode = FALSE
	EndGlobalSection
EndGlobal
