Microsoft Visual Studio Solution File, Format Version 11.00
# Visual Studio 2010
Project("{8BC9CEB8-8B4A-11D0-8D11-00A0C91BC942}") = "Office2007", ".\Office2007\Office2007_vc100.vcxproj", "{22888222-5451-9124-5631-677411597977}"
EndProject
Project("{8BC9CEB8-8B4A-11D0-8D11-00A0C91BC942}") = "Office2010", ".\Office2010\Office2010_vc100.vcxproj", "{84542542-3512-7121-8538-463428472428}"
EndProject
Project("{8BC9CEB8-8B4A-11D0-8D11-00A0C91BC942}") = "Office2013", ".\Office2013\Office2013_vc100.vcxproj", "{22913362-9375-2813-9445-391199948776}"
EndProject
Project("{8BC9CEB8-8B4A-11D0-8D11-00A0C91BC942}") = "Office2016", ".\Office2016\Office2016_vc100.vcxproj", "{46839916-7431-9996-5186-529853368825}"
EndProject
Project("{8BC9CEB8-8B4A-11D0-8D11-00A0C91BC942}") = "VisualStudio2012", ".\VisualStudio2012\VisualStudio2012_vc100.vcxproj", "{12236312-5188-3692-4259-924688491674}"
EndProject
Project("{8BC9CEB8-8B4A-11D0-8D11-00A0C91BC942}") = "VisualStudio2015", ".\VisualStudio2015\VisualStudio2015_vc100.vcxproj", "{83969469-5395-1886-6285-446844678417}"
EndProject
Project("{8BC9CEB8-8B4A-11D0-8D11-00A0C91BC942}") = "VisualStudio2017", ".\VisualStudio2017\VisualStudio2017_vc100.vcxproj", "{21439299-2158-5578-7192-373525246764}"
EndProject
Project("{8BC9CEB8-8B4A-11D0-8D11-00A0C91BC942}") = "VisualStudio2019", ".\VisualStudio2019\VisualStudio2019_vc100.vcxproj", "{45356833-9214-3761-4743-512378665723}"
EndProject
Project("{8BC9CEB8-8B4A-11D0-8D11-00A0C91BC942}") = "VisualStudio2022", ".\VisualStudio2022\VisualStudio2022_vc100.vcxproj", "{11654349-7862-6467-2826-996114797562}"
EndProject
Project("{8BC9CEB8-8B4A-11D0-8D11-00A0C91BC942}") = "Windows10", ".\Windows10\Windows10_vc100.vcxproj", "{74417659-5924-4554-5813-782112672114}"
EndProject
Project("{8BC9CEB8-8B4A-11D0-8D11-00A0C91BC942}") = "Windows7", ".\Windows7\Windows7_vc100.vcxproj", "{77642643-3577-7154-9232-644193278365}"
EndProject
