Microsoft Visual Studio Solution File, Format Version 12.00
# Visual Studio 15
Project("{8BC9CEB8-8B4A-11D0-8D11-00A0C91BC942}") = "Office2007", ".\Office2007\Office2007_vc150.vcxproj", "{39938116-7485-9949-6791-891537265762}"
EndProject
Project("{8BC9CEB8-8B4A-11D0-8D11-00A0C91BC942}") = "Office2010", ".\Office2010\Office2010_vc150.vcxproj", "{26827274-4646-8238-6285-562236921329}"
EndProject
Project("{8BC9CEB8-8B4A-11D0-8D11-00A0C91BC942}") = "Office2013", ".\Office2013\Office2013_vc150.vcxproj", "{29153256-2299-2728-1514-524116627561}"
EndProject
Project("{8BC9CEB8-8B4A-11D0-8D11-00A0C91BC942}") = "Office2016", ".\Office2016\Office2016_vc150.vcxproj", "{54978891-9455-9922-6265-652969936629}"
EndProject
Project("{8BC9CEB8-8B4A-11D0-8D11-00A0C91BC942}") = "VisualStudio2012", ".\VisualStudio2012\VisualStudio2012_vc150.vcxproj", "{19376396-7114-3617-4338-147795168468}"
EndProject
Project("{8BC9CEB8-8B4A-11D0-8D11-00A0C91BC942}") = "VisualStudio2015", ".\VisualStudio2015\VisualStudio2015_vc150.vcxproj", "{99543485-7858-6417-7741-996612222583}"
EndProject
Project("{8BC9CEB8-8B4A-11D0-8D11-00A0C91BC942}") = "VisualStudio2017", ".\VisualStudio2017\VisualStudio2017_vc150.vcxproj", "{94877468-5513-8197-2169-858692728834}"
EndProject
Project("{8BC9CEB8-8B4A-11D0-8D11-00A0C91BC942}") = "VisualStudio2019", ".\VisualStudio2019\VisualStudio2019_vc150.vcxproj", "{28694112-3668-7291-7721-177455248884}"
EndProject
Project("{8BC9CEB8-8B4A-11D0-8D11-00A0C91BC942}") = "VisualStudio2022", ".\VisualStudio2022\VisualStudio2022_vc150.vcxproj", "{84991518-9326-1887-5883-572271371633}"
EndProject
Project("{8BC9CEB8-8B4A-11D0-8D11-00A0C91BC942}") = "Windows10", ".\Windows10\Windows10_vc150.vcxproj", "{56755838-7478-8984-8889-367288255274}"
EndProject
Project("{8BC9CEB8-8B4A-11D0-8D11-00A0C91BC942}") = "Windows7", ".\Windows7\Windows7_vc150.vcxproj", "{74225658-5131-3676-9697-295869732531}"
EndProject
