<?xml version="1.0" encoding="utf-8"?>
<Project ToolsVersion="4.0" xmlns="http://schemas.microsoft.com/developer/msbuild/2003">
  <ItemGroup>
    <Filter Include="Source Files">
      <UniqueIdentifier>{0a69534f-860a-4718-b5d3-957e64ea1fa8}</UniqueIdentifier>
      <Extensions>cpp;c;cxx;rc;def;r;odl;idl;hpj;bat</Extensions>
    </Filter>
    <Filter Include="Ini Files">
      <UniqueIdentifier>{9c748600-fff3-4149-8dbb-42862fbc1351}</UniqueIdentifier>
    </Filter>
    <Filter Include="Image Files">
      <UniqueIdentifier>{f1272f03-bd5b-47f8-8255-238c390b9eb0}</UniqueIdentifier>
    </Filter>
  </ItemGroup>
  <ItemGroup>
    <ResourceCompile Include="VisualStudio2012.rc">
      <Filter>Source Files</Filter>
    </ResourceCompile>
  </ItemGroup>
  <ItemGroup>
    <None Include="VisualStudio2012Dark.ini">
      <Filter>Ini Files</Filter>
    </None>
    <None Include="VisualStudio2012Light.ini">
      <Filter>Ini Files</Filter>
    </None>
  </ItemGroup>
</Project>