<?xml version="1.0" encoding="utf-8"?>
<Project ToolsVersion="4.0" xmlns="http://schemas.microsoft.com/developer/msbuild/2003">
  <ItemGroup>
    <Filter Include="源文件">
      <UniqueIdentifier>{4FC737F1-C7A5-4376-A066-2A32D752A2FF}</UniqueIdentifier>
      <Extensions>cpp;c;cc;cxx;def;odl;idl;hpj;bat;asm;asmx</Extensions>
    </Filter>
    <Filter Include="头文件">
      <UniqueIdentifier>{93995380-89BD-4b04-88EB-625FBE52EBFB}</UniqueIdentifier>
      <Extensions>h;hpp;hxx;hm;inl;inc;xsd</Extensions>
    </Filter>
    <Filter Include="资源文件">
      <UniqueIdentifier>{67DA6AB6-F800-4c08-8B7A-83BB121AAD01}</UniqueIdentifier>
      <Extensions>rc;ico;cur;bmp;dlg;rc2;rct;bin;rgs;gif;jpg;jpeg;jpe;resx;tiff;tif;png;wav;mfcribbon-ms</Extensions>
    </Filter>
    <Filter Include="Tools">
      <UniqueIdentifier>{9bd6ccca-b26e-4540-b0c0-08bce2bc77f3}</UniqueIdentifier>
    </Filter>
  </ItemGroup>
  <ItemGroup>
    <Text Include="ReadMe.txt" />
  </ItemGroup>
  <ItemGroup>
    <ClInclude Include="ADRTrade.h">
      <Filter>头文件</Filter>
    </ClInclude>
    <ClInclude Include="stdafx.h">
      <Filter>头文件</Filter>
    </ClInclude>
    <ClInclude Include="targetver.h">
      <Filter>头文件</Filter>
    </ClInclude>
    <ClInclude Include="MainFrm.h">
      <Filter>头文件</Filter>
    </ClInclude>
    <ClInclude Include="ChildFrm.h">
      <Filter>头文件</Filter>
    </ClInclude>
    <ClInclude Include="ADRTradeDoc.h">
      <Filter>头文件</Filter>
    </ClInclude>
    <ClInclude Include="ADRTradeView.h">
      <Filter>头文件</Filter>
    </ClInclude>
    <ClInclude Include="Resource.h">
      <Filter>头文件</Filter>
    </ClInclude>
    <ClInclude Include="ViewTree.h">
      <Filter>头文件</Filter>
    </ClInclude>
    <ClInclude Include="PropertiesWnd.h">
      <Filter>头文件</Filter>
    </ClInclude>
    <ClInclude Include="Tools\AsynProcessorWithProgress.h">
      <Filter>Tools</Filter>
    </ClInclude>
    <ClInclude Include="Tools\CheckComboBox.h">
      <Filter>Tools</Filter>
    </ClInclude>
    <ClInclude Include="Tools\CustomButton.h">
      <Filter>Tools</Filter>
    </ClInclude>
    <ClInclude Include="Tools\Dlg4ProgressThread.h">
      <Filter>Tools</Filter>
    </ClInclude>
    <ClInclude Include="Tools\DlgGridPage.h">
      <Filter>Tools</Filter>
    </ClInclude>
    <ClInclude Include="Tools\DlgTab.h">
      <Filter>Tools</Filter>
    </ClInclude>
    <ClInclude Include="Tools\InputEdit.h">
      <Filter>Tools</Filter>
    </ClInclude>
    <ClInclude Include="DialogPlaceHolder.h">
      <Filter>头文件</Filter>
    </ClInclude>
    <ClInclude Include="Tools\pugiconfig.hpp">
      <Filter>Tools</Filter>
    </ClInclude>
    <ClInclude Include="Tools\pugixml.hpp">
      <Filter>Tools</Filter>
    </ClInclude>
    <ClInclude Include="LoadLayout.h">
      <Filter>头文件</Filter>
    </ClInclude>
    <ClInclude Include="MacroEnvironmentDlg.h">
      <Filter>头文件</Filter>
    </ClInclude>
    <ClInclude Include="DialogIDManager.h">
      <Filter>头文件</Filter>
    </ClInclude>
    <ClInclude Include="Tools\StyleManager.h">
      <Filter>Tools</Filter>
    </ClInclude>
  </ItemGroup>
  <ItemGroup>
    <ClCompile Include="ADRTrade.cpp">
      <Filter>源文件</Filter>
    </ClCompile>
    <ClCompile Include="stdafx.cpp">
      <Filter>源文件</Filter>
    </ClCompile>
    <ClCompile Include="MainFrm.cpp">
      <Filter>源文件</Filter>
    </ClCompile>
    <ClCompile Include="ChildFrm.cpp">
      <Filter>源文件</Filter>
    </ClCompile>
    <ClCompile Include="ADRTradeDoc.cpp">
      <Filter>源文件</Filter>
    </ClCompile>
    <ClCompile Include="ADRTradeView.cpp">
      <Filter>源文件</Filter>
    </ClCompile>
    <ClCompile Include="ViewTree.cpp">
      <Filter>源文件</Filter>
    </ClCompile>
    <ClCompile Include="PropertiesWnd.cpp">
      <Filter>源文件</Filter>
    </ClCompile>
    <ClCompile Include="Tools\AsynProcessorWithProgress.cpp">
      <Filter>Tools</Filter>
    </ClCompile>
    <ClCompile Include="Tools\CheckComboBox.cpp">
      <Filter>Tools</Filter>
    </ClCompile>
    <ClCompile Include="Tools\CustomButton.cpp">
      <Filter>Tools</Filter>
    </ClCompile>
    <ClCompile Include="Tools\Dlg4ProgressThread.cpp">
      <Filter>Tools</Filter>
    </ClCompile>
    <ClCompile Include="Tools\DlgGridPage.cpp">
      <Filter>Tools</Filter>
    </ClCompile>
    <ClCompile Include="Tools\DlgTab.cpp">
      <Filter>Tools</Filter>
    </ClCompile>
    <ClCompile Include="Tools\InputEdit.cpp">
      <Filter>Tools</Filter>
    </ClCompile>
    <ClCompile Include="DialogPlaceHolder.cpp">
      <Filter>源文件</Filter>
    </ClCompile>
    <ClCompile Include="Tools\pugixml.cpp">
      <Filter>Tools</Filter>
    </ClCompile>
    <ClCompile Include="LoadLayout.cpp">
      <Filter>源文件</Filter>
    </ClCompile>
    <ClCompile Include="MacroEnvironmentDlg.cpp">
      <Filter>源文件</Filter>
    </ClCompile>
    <ClCompile Include="DialogIDManager.cpp">
      <Filter>源文件</Filter>
    </ClCompile>
    <ClCompile Include="Tools\StyleManager.cpp">
      <Filter>Tools</Filter>
    </ClCompile>
  </ItemGroup>
  <ItemGroup>
    <ResourceCompile Include="ADRTrade.rc">
      <Filter>资源文件</Filter>
    </ResourceCompile>
  </ItemGroup>
  <ItemGroup>
    <Image Include="res\file_view.ico">
      <Filter>资源文件</Filter>
    </Image>
    <Image Include="res\file_view_hc.ico">
      <Filter>资源文件</Filter>
    </Image>
    <Image Include="res\class_view.ico">
      <Filter>资源文件</Filter>
    </Image>
    <Image Include="res\class_view_hc.ico">
      <Filter>资源文件</Filter>
    </Image>
    <Image Include="res\fileview.bmp">
      <Filter>资源文件</Filter>
    </Image>
    <Image Include="res\fileview_hc.bmp">
      <Filter>资源文件</Filter>
    </Image>
    <Image Include="res\classview.bmp">
      <Filter>资源文件</Filter>
    </Image>
    <Image Include="res\classview_hc.bmp">
      <Filter>资源文件</Filter>
    </Image>
    <Image Include="res\explorer.bmp">
      <Filter>资源文件</Filter>
    </Image>
    <Image Include="res\explorer_hc.bmp">
      <Filter>资源文件</Filter>
    </Image>
    <Image Include="res\sort.bmp">
      <Filter>资源文件</Filter>
    </Image>
    <Image Include="res\sort_hc.bmp">
      <Filter>资源文件</Filter>
    </Image>
    <Image Include="res\menuimages.bmp">
      <Filter>资源文件</Filter>
    </Image>
    <Image Include="res\menuimages_hc.bmp">
      <Filter>资源文件</Filter>
    </Image>
    <Image Include="res\output_wnd.ico">
      <Filter>资源文件</Filter>
    </Image>
    <Image Include="res\output_wnd_hc.ico">
      <Filter>资源文件</Filter>
    </Image>
    <Image Include="res\properties_wnd.ico">
      <Filter>资源文件</Filter>
    </Image>
    <Image Include="res\properties_wnd_hc.ico">
      <Filter>资源文件</Filter>
    </Image>
    <Image Include="res\properties.bmp">
      <Filter>资源文件</Filter>
    </Image>
    <Image Include="res\properties_hc.bmp">
      <Filter>资源文件</Filter>
    </Image>
    <Image Include="UserImages.bmp">
      <Filter>资源文件</Filter>
    </Image>
    <Image Include="res\ADRTradeDoc.ico">
      <Filter>资源文件</Filter>
    </Image>
    <Image Include="res\ADRTrade.ico">
      <Filter>资源文件</Filter>
    </Image>
    <Image Include="res\Toolbar.bmp">
      <Filter>资源文件</Filter>
    </Image>
    <Image Include="res\Toolbar256.bmp">
      <Filter>资源文件</Filter>
    </Image>
  </ItemGroup>
  <ItemGroup>
    <None Include="res\ADRTrade.rc2">
      <Filter>资源文件</Filter>
    </None>
  </ItemGroup>
</Project>