<?xml version="1.0" encoding="utf-8"?>
<Project ToolsVersion="4.0" xmlns="http://schemas.microsoft.com/developer/msbuild/2003">
  <ItemGroup>
    <Filter Include="源文件">
      <UniqueIdentifier>{4FC737F1-C7A5-4376-A066-2A32D752A2FF}</UniqueIdentifier>
      <Extensions>cpp;c;cc;cxx;def;odl;idl;hpj;bat;asm;asmx</Extensions>
    </Filter>
    <Filter Include="头文件">
      <UniqueIdentifier>{93995380-89BD-4b04-88EB-625FBE52EBFB}</UniqueIdentifier>
      <Extensions>h;hpp;hxx;hm;inl;inc;xsd</Extensions>
    </Filter>
    <Filter Include="资源文件">
      <UniqueIdentifier>{67DA6AB6-F800-4c08-8B7A-83BB121AAD01}</UniqueIdentifier>
      <Extensions>rc;ico;cur;bmp;dlg;rc2;rct;bin;rgs;gif;jpg;jpeg;jpe;resx;tiff;tif;png;wav;mfcribbon-ms</Extensions>
    </Filter>
    <Filter Include="Tools">
      <UniqueIdentifier>{9bd6ccca-b26e-4540-b0c0-08bce2bc77f3}</UniqueIdentifier>
    </Filter>
    <Filter Include="Business">
      <UniqueIdentifier>{7422b414-7ce1-4652-965b-653fa4f183f0}</UniqueIdentifier>
    </Filter>
    <Filter Include="MacroEnvironment">
      <UniqueIdentifier>{31fb58ce-c8a0-42ec-bc65-4d90667c7a67}</UniqueIdentifier>
    </Filter>
    <Filter Include="Stock">
      <UniqueIdentifier>{8af4341c-2005-4101-bbcf-82b7166aea2a}</UniqueIdentifier>
    </Filter>
    <Filter Include="Future">
      <UniqueIdentifier>{172ef117-0b09-4b77-86f4-713ef43d8b35}</UniqueIdentifier>
    </Filter>
  </ItemGroup>
  <ItemGroup>
    <Text Include="ReadMe.txt" />
  </ItemGroup>
  <ItemGroup>
    <ClInclude Include="ADRTrade.h">
      <Filter>头文件</Filter>
    </ClInclude>
    <ClInclude Include="stdafx.h">
      <Filter>头文件</Filter>
    </ClInclude>
    <ClInclude Include="targetver.h">
      <Filter>头文件</Filter>
    </ClInclude>
    <ClInclude Include="MainFrm.h">
      <Filter>头文件</Filter>
    </ClInclude>
    <ClInclude Include="ChildFrm.h">
      <Filter>头文件</Filter>
    </ClInclude>
    <ClInclude Include="Resource.h">
      <Filter>头文件</Filter>
    </ClInclude>
    <ClInclude Include="ViewTree.h">
      <Filter>头文件</Filter>
    </ClInclude>
    <ClInclude Include="PropertiesWnd.h">
      <Filter>头文件</Filter>
    </ClInclude>
    <ClInclude Include="Tools\AsynProcessorWithProgress.h">
      <Filter>Tools</Filter>
    </ClInclude>
    <ClInclude Include="Tools\CheckComboBox.h">
      <Filter>Tools</Filter>
    </ClInclude>
    <ClInclude Include="Tools\CustomButton.h">
      <Filter>Tools</Filter>
    </ClInclude>
    <ClInclude Include="Tools\Dlg4ProgressThread.h">
      <Filter>Tools</Filter>
    </ClInclude>
    <ClInclude Include="Tools\DlgGridPage.h">
      <Filter>Tools</Filter>
    </ClInclude>
    <ClInclude Include="Tools\DlgTab.h">
      <Filter>Tools</Filter>
    </ClInclude>
    <ClInclude Include="Tools\InputEdit.h">
      <Filter>Tools</Filter>
    </ClInclude>
    <ClInclude Include="Tools\pugiconfig.hpp">
      <Filter>Tools</Filter>
    </ClInclude>
    <ClInclude Include="Tools\pugixml.hpp">
      <Filter>Tools</Filter>
    </ClInclude>
    <ClInclude Include="DialogIDManager.h">
      <Filter>头文件</Filter>
    </ClInclude>
    <ClInclude Include="Tools\StyleManager.h">
      <Filter>Tools</Filter>
    </ClInclude>
    <ClInclude Include="Tools\CollectiveComponentProvider.h">
      <Filter>Tools</Filter>
    </ClInclude>
    <ClInclude Include="Tools\ChildDlgTab.h">
      <Filter>Tools</Filter>
    </ClInclude>
    <ClInclude Include="UIData.h">
      <Filter>头文件</Filter>
    </ClInclude>
    <ClInclude Include="Tools\DialogLayout.h">
      <Filter>Tools</Filter>
    </ClInclude>
    <ClInclude Include="Tools\DialogPlaceHolder.h">
      <Filter>Tools</Filter>
    </ClInclude>
    <ClInclude Include="Tools\DialogPlaceHolderComposite.h">
      <Filter>Tools</Filter>
    </ClInclude>
    <ClInclude Include="ADRTradeDayDoc.h">
      <Filter>头文件</Filter>
    </ClInclude>
    <ClInclude Include="ADRTradeDayView.h">
      <Filter>头文件</Filter>
    </ClInclude>
    <ClInclude Include="Business\AbstractObject.h">
      <Filter>Business</Filter>
    </ClInclude>
    <ClInclude Include="Business\Business.h">
      <Filter>Business</Filter>
    </ClInclude>
    <ClInclude Include="MacroEnvironment\DlgTab_WorldEcnomic.h">
      <Filter>MacroEnvironment</Filter>
    </ClInclude>
    <ClInclude Include="Tools\EditTreeCtrl.h">
      <Filter>Tools</Filter>
    </ClInclude>
    <ClInclude Include="Tools\EditTreeCtrlEx.h">
      <Filter>Tools</Filter>
    </ClInclude>
    <ClInclude Include="Tools\DlgTree.h">
      <Filter>Tools</Filter>
    </ClInclude>
    <ClInclude Include="Tools\CursorDef.h">
      <Filter>Tools</Filter>
    </ClInclude>
    <ClInclude Include="Tools\DialogPopup.h">
      <Filter>Tools</Filter>
    </ClInclude>
    <ClInclude Include="Stock\DlgPopup_StockPool.h">
      <Filter>Stock</Filter>
    </ClInclude>
    <ClInclude Include="Future\DailyMacroEnvironmentDlg.h">
      <Filter>Future</Filter>
    </ClInclude>
    <ClInclude Include="Future\DialogDailyAnalyze.h">
      <Filter>Future</Filter>
    </ClInclude>
    <ClInclude Include="Future\DialogDailyTrades.h">
      <Filter>Future</Filter>
    </ClInclude>
    <ClInclude Include="Future\DialogDailyTrades_SingleTradeTrack.h">
      <Filter>Future</Filter>
    </ClInclude>
    <ClInclude Include="Future\DialogDailyTradeSummarize.h">
      <Filter>Future</Filter>
    </ClInclude>
    <ClInclude Include="Future\DialogFutureContract.h">
      <Filter>Future</Filter>
    </ClInclude>
    <ClInclude Include="Future\DialogFutureContract_LongPeriodicAnalyze.h">
      <Filter>Future</Filter>
    </ClInclude>
    <ClInclude Include="Future\DialogFutureContract_MinorCycleAnalyze.h">
      <Filter>Future</Filter>
    </ClInclude>
    <ClInclude Include="Future\DialogFutureContract_TrackPhraseIn1Day.h">
      <Filter>Future</Filter>
    </ClInclude>
  </ItemGroup>
  <ItemGroup>
    <ClCompile Include="ADRTrade.cpp">
      <Filter>源文件</Filter>
    </ClCompile>
    <ClCompile Include="stdafx.cpp">
      <Filter>源文件</Filter>
    </ClCompile>
    <ClCompile Include="MainFrm.cpp">
      <Filter>源文件</Filter>
    </ClCompile>
    <ClCompile Include="ChildFrm.cpp">
      <Filter>源文件</Filter>
    </ClCompile>
    <ClCompile Include="ViewTree.cpp">
      <Filter>源文件</Filter>
    </ClCompile>
    <ClCompile Include="PropertiesWnd.cpp">
      <Filter>源文件</Filter>
    </ClCompile>
    <ClCompile Include="Tools\AsynProcessorWithProgress.cpp">
      <Filter>Tools</Filter>
    </ClCompile>
    <ClCompile Include="Tools\CheckComboBox.cpp">
      <Filter>Tools</Filter>
    </ClCompile>
    <ClCompile Include="Tools\CustomButton.cpp">
      <Filter>Tools</Filter>
    </ClCompile>
    <ClCompile Include="Tools\Dlg4ProgressThread.cpp">
      <Filter>Tools</Filter>
    </ClCompile>
    <ClCompile Include="Tools\DlgGridPage.cpp">
      <Filter>Tools</Filter>
    </ClCompile>
    <ClCompile Include="Tools\DlgTab.cpp">
      <Filter>Tools</Filter>
    </ClCompile>
    <ClCompile Include="Tools\InputEdit.cpp">
      <Filter>Tools</Filter>
    </ClCompile>
    <ClCompile Include="Tools\pugixml.cpp">
      <Filter>Tools</Filter>
    </ClCompile>
    <ClCompile Include="DialogIDManager.cpp">
      <Filter>源文件</Filter>
    </ClCompile>
    <ClCompile Include="Tools\StyleManager.cpp">
      <Filter>Tools</Filter>
    </ClCompile>
    <ClCompile Include="Tools\CollectiveComponentProvider.cpp">
      <Filter>Tools</Filter>
    </ClCompile>
    <ClCompile Include="Tools\ChildDlgTab.cpp">
      <Filter>Tools</Filter>
    </ClCompile>
    <ClCompile Include="UIData.cpp">
      <Filter>源文件</Filter>
    </ClCompile>
    <ClCompile Include="Tools\DialogLayout.cpp">
      <Filter>Tools</Filter>
    </ClCompile>
    <ClCompile Include="Tools\DialogPlaceHolder.cpp">
      <Filter>Tools</Filter>
    </ClCompile>
    <ClCompile Include="Tools\DialogPlaceHolderComposite.cpp">
      <Filter>Tools</Filter>
    </ClCompile>
    <ClCompile Include="ADRTradeDayDoc.cpp">
      <Filter>源文件</Filter>
    </ClCompile>
    <ClCompile Include="ADRTradeDayView.cpp">
      <Filter>源文件</Filter>
    </ClCompile>
    <ClCompile Include="Business\AbstractObject.cpp">
      <Filter>Business</Filter>
    </ClCompile>
    <ClCompile Include="Business\Business.cpp">
      <Filter>Business</Filter>
    </ClCompile>
    <ClCompile Include="MacroEnvironment\DlgTab_WorldEcnomic.cpp">
      <Filter>MacroEnvironment</Filter>
    </ClCompile>
    <ClCompile Include="Tools\EditTreeCtrl.cpp">
      <Filter>Tools</Filter>
    </ClCompile>
    <ClCompile Include="Tools\EditTreeCtrlEx.cpp">
      <Filter>Tools</Filter>
    </ClCompile>
    <ClCompile Include="Tools\DlgTree.cpp">
      <Filter>Tools</Filter>
    </ClCompile>
    <ClCompile Include="Tools\DialogPopup.cpp">
      <Filter>Tools</Filter>
    </ClCompile>
    <ClCompile Include="Stock\DlgPopup_StockPool.cpp">
      <Filter>Stock</Filter>
    </ClCompile>
    <ClCompile Include="Future\DailyMacroEnvironmentDlg.cpp">
      <Filter>Future</Filter>
    </ClCompile>
    <ClCompile Include="Future\DialogDailyAnalyze.cpp">
      <Filter>Future</Filter>
    </ClCompile>
    <ClCompile Include="Future\DialogDailyTrades.cpp">
      <Filter>Future</Filter>
    </ClCompile>
    <ClCompile Include="Future\DialogDailyTrades_SingleTradeTrack.cpp">
      <Filter>Future</Filter>
    </ClCompile>
    <ClCompile Include="Future\DialogDailyTradeSummarize.cpp">
      <Filter>Future</Filter>
    </ClCompile>
    <ClCompile Include="Future\DialogFutureContract.cpp">
      <Filter>Future</Filter>
    </ClCompile>
    <ClCompile Include="Future\DialogFutureContract_LongPeriodicAnalyze.cpp">
      <Filter>Future</Filter>
    </ClCompile>
    <ClCompile Include="Future\DialogFutureContract_MinorCycleAnalyze.cpp">
      <Filter>Future</Filter>
    </ClCompile>
    <ClCompile Include="Future\DialogFutureContract_TrackPhraseIn1Day.cpp">
      <Filter>Future</Filter>
    </ClCompile>
  </ItemGroup>
  <ItemGroup>
    <ResourceCompile Include="ADRTrade.rc">
      <Filter>资源文件</Filter>
    </ResourceCompile>
  </ItemGroup>
  <ItemGroup>
    <Image Include="res\file_view.ico">
      <Filter>资源文件</Filter>
    </Image>
    <Image Include="res\file_view_hc.ico">
      <Filter>资源文件</Filter>
    </Image>
    <Image Include="res\class_view.ico">
      <Filter>资源文件</Filter>
    </Image>
    <Image Include="res\class_view_hc.ico">
      <Filter>资源文件</Filter>
    </Image>
    <Image Include="res\fileview.bmp">
      <Filter>资源文件</Filter>
    </Image>
    <Image Include="res\fileview_hc.bmp">
      <Filter>资源文件</Filter>
    </Image>
    <Image Include="res\classview.bmp">
      <Filter>资源文件</Filter>
    </Image>
    <Image Include="res\classview_hc.bmp">
      <Filter>资源文件</Filter>
    </Image>
    <Image Include="res\explorer.bmp">
      <Filter>资源文件</Filter>
    </Image>
    <Image Include="res\explorer_hc.bmp">
      <Filter>资源文件</Filter>
    </Image>
    <Image Include="res\sort.bmp">
      <Filter>资源文件</Filter>
    </Image>
    <Image Include="res\sort_hc.bmp">
      <Filter>资源文件</Filter>
    </Image>
    <Image Include="res\menuimages.bmp">
      <Filter>资源文件</Filter>
    </Image>
    <Image Include="res\menuimages_hc.bmp">
      <Filter>资源文件</Filter>
    </Image>
    <Image Include="res\output_wnd.ico">
      <Filter>资源文件</Filter>
    </Image>
    <Image Include="res\output_wnd_hc.ico">
      <Filter>资源文件</Filter>
    </Image>
    <Image Include="res\properties_wnd.ico">
      <Filter>资源文件</Filter>
    </Image>
    <Image Include="res\properties_wnd_hc.ico">
      <Filter>资源文件</Filter>
    </Image>
    <Image Include="res\properties.bmp">
      <Filter>资源文件</Filter>
    </Image>
    <Image Include="res\properties_hc.bmp">
      <Filter>资源文件</Filter>
    </Image>
    <Image Include="UserImages.bmp">
      <Filter>资源文件</Filter>
    </Image>
    <Image Include="res\ADRTradeDoc.ico">
      <Filter>资源文件</Filter>
    </Image>
    <Image Include="res\ADRTrade.ico">
      <Filter>资源文件</Filter>
    </Image>
    <Image Include="res\Toolbar.bmp">
      <Filter>资源文件</Filter>
    </Image>
    <Image Include="res\Toolbar256.bmp">
      <Filter>资源文件</Filter>
    </Image>
  </ItemGroup>
  <ItemGroup>
    <None Include="res\ADRTrade.rc2">
      <Filter>资源文件</Filter>
    </None>
  </ItemGroup>
</Project>