<?xml version="1.0" encoding="utf-8"?>
<Project ToolsVersion="4.0" xmlns="http://schemas.microsoft.com/developer/msbuild/2003">
  <ItemGroup>
    <Filter Include="源文件">
      <UniqueIdentifier>{4FC737F1-C7A5-4376-A066-2A32D752A2FF}</UniqueIdentifier>
      <Extensions>cpp;c;cc;cxx;def;odl;idl;hpj;bat;asm;asmx</Extensions>
    </Filter>
    <Filter Include="头文件">
      <UniqueIdentifier>{93995380-89BD-4b04-88EB-625FBE52EBFB}</UniqueIdentifier>
      <Extensions>h;hpp;hxx;hm;inl;inc;xsd</Extensions>
    </Filter>
    <Filter Include="资源文件">
      <UniqueIdentifier>{67DA6AB6-F800-4c08-8B7A-83BB121AAD01}</UniqueIdentifier>
      <Extensions>rc;ico;cur;bmp;dlg;rc2;rct;bin;rgs;gif;jpg;jpeg;jpe;resx;tiff;tif;png;wav;mfcribbon-ms</Extensions>
    </Filter>
    <Filter Include="Tools">
      <UniqueIdentifier>{9bd6ccca-b26e-4540-b0c0-08bce2bc77f3}</UniqueIdentifier>
    </Filter>
    <Filter Include="MacroEnvironment">
      <UniqueIdentifier>{31fb58ce-c8a0-42ec-bc65-4d90667c7a67}</UniqueIdentifier>
    </Filter>
    <Filter Include="Stock">
      <UniqueIdentifier>{8af4341c-2005-4101-bbcf-82b7166aea2a}</UniqueIdentifier>
    </Filter>
    <Filter Include="Future">
      <UniqueIdentifier>{172ef117-0b09-4b77-86f4-713ef43d8b35}</UniqueIdentifier>
    </Filter>
    <Filter Include="WeatherGlass">
      <UniqueIdentifier>{a17a3f55-d4db-45d7-9a05-5eb8eced828f}</UniqueIdentifier>
    </Filter>
    <Filter Include="GirdBehaviour">
      <UniqueIdentifier>{51e92771-321b-42d0-8725-35225f42a831}</UniqueIdentifier>
    </Filter>
    <Filter Include="MarketTemperature">
      <UniqueIdentifier>{424e4411-4c48-4e64-a0c9-8d03649a0243}</UniqueIdentifier>
    </Filter>
    <Filter Include="High-Speed-Charting-Control">
      <UniqueIdentifier>{040852dc-61f6-42ab-b3ad-b8af6faddee5}</UniqueIdentifier>
    </Filter>
  </ItemGroup>
  <ItemGroup>
    <Text Include="ReadMe.txt" />
  </ItemGroup>
  <ItemGroup>
    <ClInclude Include="ADRTrade.h">
      <Filter>头文件</Filter>
    </ClInclude>
    <ClInclude Include="stdafx.h">
      <Filter>头文件</Filter>
    </ClInclude>
    <ClInclude Include="targetver.h">
      <Filter>头文件</Filter>
    </ClInclude>
    <ClInclude Include="MainFrm.h">
      <Filter>头文件</Filter>
    </ClInclude>
    <ClInclude Include="ChildFrm.h">
      <Filter>头文件</Filter>
    </ClInclude>
    <ClInclude Include="Resource.h">
      <Filter>头文件</Filter>
    </ClInclude>
    <ClInclude Include="ViewTree.h">
      <Filter>头文件</Filter>
    </ClInclude>
    <ClInclude Include="PropertiesWnd.h">
      <Filter>头文件</Filter>
    </ClInclude>
    <ClInclude Include="Tools\AsynProcessorWithProgress.h">
      <Filter>Tools</Filter>
    </ClInclude>
    <ClInclude Include="Tools\CheckComboBox.h">
      <Filter>Tools</Filter>
    </ClInclude>
    <ClInclude Include="Tools\CustomButton.h">
      <Filter>Tools</Filter>
    </ClInclude>
    <ClInclude Include="Tools\Dlg4ProgressThread.h">
      <Filter>Tools</Filter>
    </ClInclude>
    <ClInclude Include="Tools\DlgGridPage.h">
      <Filter>Tools</Filter>
    </ClInclude>
    <ClInclude Include="Tools\DlgTab.h">
      <Filter>Tools</Filter>
    </ClInclude>
    <ClInclude Include="Tools\InputEdit.h">
      <Filter>Tools</Filter>
    </ClInclude>
    <ClInclude Include="Tools\pugiconfig.hpp">
      <Filter>Tools</Filter>
    </ClInclude>
    <ClInclude Include="Tools\pugixml.hpp">
      <Filter>Tools</Filter>
    </ClInclude>
    <ClInclude Include="DialogIDManager.h">
      <Filter>头文件</Filter>
    </ClInclude>
    <ClInclude Include="Tools\StyleManager.h">
      <Filter>Tools</Filter>
    </ClInclude>
    <ClInclude Include="Tools\CollectiveComponentProvider.h">
      <Filter>Tools</Filter>
    </ClInclude>
    <ClInclude Include="Tools\ChildDlgTab.h">
      <Filter>Tools</Filter>
    </ClInclude>
    <ClInclude Include="UIData.h">
      <Filter>头文件</Filter>
    </ClInclude>
    <ClInclude Include="Tools\DialogLayout.h">
      <Filter>Tools</Filter>
    </ClInclude>
    <ClInclude Include="Tools\DialogPlaceHolder.h">
      <Filter>Tools</Filter>
    </ClInclude>
    <ClInclude Include="Tools\DialogPlaceHolderComposite.h">
      <Filter>Tools</Filter>
    </ClInclude>
    <ClInclude Include="ADRTradeDayDoc.h">
      <Filter>头文件</Filter>
    </ClInclude>
    <ClInclude Include="ADRTradeDayView.h">
      <Filter>头文件</Filter>
    </ClInclude>
    <ClInclude Include="MacroEnvironment\DlgTab_WorldEcnomic.h">
      <Filter>MacroEnvironment</Filter>
    </ClInclude>
    <ClInclude Include="Tools\EditTreeCtrl.h">
      <Filter>Tools</Filter>
    </ClInclude>
    <ClInclude Include="Tools\EditTreeCtrlEx.h">
      <Filter>Tools</Filter>
    </ClInclude>
    <ClInclude Include="Tools\DlgTree.h">
      <Filter>Tools</Filter>
    </ClInclude>
    <ClInclude Include="Tools\CursorDef.h">
      <Filter>Tools</Filter>
    </ClInclude>
    <ClInclude Include="Tools\DialogPopup.h">
      <Filter>Tools</Filter>
    </ClInclude>
    <ClInclude Include="Stock\DlgPopup_StockPool.h">
      <Filter>Stock</Filter>
    </ClInclude>
    <ClInclude Include="Stock\DialogStockPool_StockTree.h">
      <Filter>Stock</Filter>
    </ClInclude>
    <ClInclude Include="Stock\DialogStock_1DayAnalyze.h">
      <Filter>Stock</Filter>
    </ClInclude>
    <ClInclude Include="Stock\DialogStock_FundamentalAnalysis.h">
      <Filter>Stock</Filter>
    </ClInclude>
    <ClInclude Include="Stock\DialogStock_TrackPhraseIn1Week.h">
      <Filter>Stock</Filter>
    </ClInclude>
    <ClInclude Include="Tools\CustomTabCtrl.h">
      <Filter>Tools</Filter>
    </ClInclude>
    <ClInclude Include="Tools\ThemeUtil.h">
      <Filter>Tools</Filter>
    </ClInclude>
    <ClInclude Include="Stock\DialogStockPool_Stock.h">
      <Filter>Stock</Filter>
    </ClInclude>
    <ClInclude Include="Stock\DialogStockPool_Stocks.h">
      <Filter>Stock</Filter>
    </ClInclude>
    <ClInclude Include="Tools\CustomTabCtrlItem.h">
      <Filter>Tools</Filter>
    </ClInclude>
    <ClInclude Include="Tools\CustomTabCtrlDlg.h">
      <Filter>Tools</Filter>
    </ClInclude>
    <ClInclude Include="Future\FutureContract_TradeDialogs.h">
      <Filter>Future</Filter>
    </ClInclude>
    <ClInclude Include="Tools\BusinessEdit.h">
      <Filter>Tools</Filter>
    </ClInclude>
    <ClInclude Include="Tools\BusinessComboBox.h">
      <Filter>Tools</Filter>
    </ClInclude>
    <ClInclude Include="UIDataManager.h">
      <Filter>头文件</Filter>
    </ClInclude>
    <ClInclude Include="Future\CustomTabCtrlDlg_DailyMinorCycleAnalyze.h">
      <Filter>Future</Filter>
    </ClInclude>
    <ClInclude Include="Future\DialogPlaceHolder_MinorCycleAnalyze.h">
      <Filter>Future</Filter>
    </ClInclude>
    <ClInclude Include="Future\DialogPlaceHolder_LongPeriodicAnalyze.h">
      <Filter>Future</Filter>
    </ClInclude>
    <ClInclude Include="Tools\BusinessCheckBox.h">
      <Filter>Tools</Filter>
    </ClInclude>
    <ClInclude Include="Future\DialogPlaceHolder_DailyTraceEvidence.h">
      <Filter>Future</Filter>
    </ClInclude>
    <ClInclude Include="Future\DialogPlaceHolder_DailyTraceConflict.h">
      <Filter>Future</Filter>
    </ClInclude>
    <ClInclude Include="Tools\ControlCreator.h">
      <Filter>Tools</Filter>
    </ClInclude>
    <ClInclude Include="DocumentTemplateManager.h">
      <Filter>头文件</Filter>
    </ClInclude>
    <ClInclude Include="WeatherGlass\WeatherGlass_TabCtrlDlg.h">
      <Filter>WeatherGlass</Filter>
    </ClInclude>
    <ClInclude Include="ADRTradeRecordDoc.h">
      <Filter>头文件</Filter>
    </ClInclude>
    <ClInclude Include="ADRTradeRecordView.h">
      <Filter>头文件</Filter>
    </ClInclude>
    <ClInclude Include="DlgPopup_SelectDocument.h">
      <Filter>头文件</Filter>
    </ClInclude>
    <ClInclude Include="GirdBehaviour\GridCellAttributeBehaviour.h">
      <Filter>GirdBehaviour</Filter>
    </ClInclude>
    <ClInclude Include="GirdBehaviour\GridCellBehaviour.h">
      <Filter>GirdBehaviour</Filter>
    </ClInclude>
    <ClInclude Include="GirdBehaviour\GridViewField.h">
      <Filter>GirdBehaviour</Filter>
    </ClInclude>
    <ClInclude Include="GirdBehaviour\GridFieldMeta.h">
      <Filter>GirdBehaviour</Filter>
    </ClInclude>
    <ClInclude Include="ADRMarketTemperatureDoc.h">
      <Filter>头文件</Filter>
    </ClInclude>
    <ClInclude Include="ADRMarketTemperatureView.h">
      <Filter>头文件</Filter>
    </ClInclude>
    <ClInclude Include="MarketTemperature\DlgMarketTemperature_Chart.h">
      <Filter>MarketTemperature</Filter>
    </ClInclude>
    <ClInclude Include="MarketTemperature\DlgMarketTemperature_Data.h">
      <Filter>MarketTemperature</Filter>
    </ClInclude>
    <ClInclude Include="High-Speed-Charting-Control\ChartAxis.h">
      <Filter>High-Speed-Charting-Control</Filter>
    </ClInclude>
    <ClInclude Include="High-Speed-Charting-Control\ChartAxisLabel.h">
      <Filter>High-Speed-Charting-Control</Filter>
    </ClInclude>
    <ClInclude Include="High-Speed-Charting-Control\ChartBalloonLabel.h">
      <Filter>High-Speed-Charting-Control</Filter>
    </ClInclude>
    <ClInclude Include="High-Speed-Charting-Control\ChartBarSerie.h">
      <Filter>High-Speed-Charting-Control</Filter>
    </ClInclude>
    <ClInclude Include="High-Speed-Charting-Control\ChartCandlestickSerie.h">
      <Filter>High-Speed-Charting-Control</Filter>
    </ClInclude>
    <ClInclude Include="High-Speed-Charting-Control\ChartCrossHairCursor.h">
      <Filter>High-Speed-Charting-Control</Filter>
    </ClInclude>
    <ClInclude Include="High-Speed-Charting-Control\ChartCtrl.h">
      <Filter>High-Speed-Charting-Control</Filter>
    </ClInclude>
    <ClInclude Include="High-Speed-Charting-Control\ChartCursor.h">
      <Filter>High-Speed-Charting-Control</Filter>
    </ClInclude>
    <ClInclude Include="High-Speed-Charting-Control\ChartDateTimeAxis.h">
      <Filter>High-Speed-Charting-Control</Filter>
    </ClInclude>
    <ClInclude Include="High-Speed-Charting-Control\ChartDragLineCursor.h">
      <Filter>High-Speed-Charting-Control</Filter>
    </ClInclude>
    <ClInclude Include="High-Speed-Charting-Control\ChartFont.h">
      <Filter>High-Speed-Charting-Control</Filter>
    </ClInclude>
    <ClInclude Include="High-Speed-Charting-Control\ChartGanttSerie.h">
      <Filter>High-Speed-Charting-Control</Filter>
    </ClInclude>
    <ClInclude Include="High-Speed-Charting-Control\ChartGradient.h">
      <Filter>High-Speed-Charting-Control</Filter>
    </ClInclude>
    <ClInclude Include="High-Speed-Charting-Control\ChartGrid.h">
      <Filter>High-Speed-Charting-Control</Filter>
    </ClInclude>
    <ClInclude Include="High-Speed-Charting-Control\ChartLabel.h">
      <Filter>High-Speed-Charting-Control</Filter>
    </ClInclude>
    <ClInclude Include="High-Speed-Charting-Control\ChartLegend.h">
      <Filter>High-Speed-Charting-Control</Filter>
    </ClInclude>
    <ClInclude Include="High-Speed-Charting-Control\ChartLineSerie.h">
      <Filter>High-Speed-Charting-Control</Filter>
    </ClInclude>
    <ClInclude Include="High-Speed-Charting-Control\ChartLogarithmicAxis.h">
      <Filter>High-Speed-Charting-Control</Filter>
    </ClInclude>
    <ClInclude Include="High-Speed-Charting-Control\ChartMouseListener.h">
      <Filter>High-Speed-Charting-Control</Filter>
    </ClInclude>
    <ClInclude Include="High-Speed-Charting-Control\ChartPointsArray.h">
      <Filter>High-Speed-Charting-Control</Filter>
    </ClInclude>
    <ClInclude Include="High-Speed-Charting-Control\ChartPointsSerie.h">
      <Filter>High-Speed-Charting-Control</Filter>
    </ClInclude>
    <ClInclude Include="High-Speed-Charting-Control\ChartScrollBar.h">
      <Filter>High-Speed-Charting-Control</Filter>
    </ClInclude>
    <ClInclude Include="High-Speed-Charting-Control\ChartSerie.h">
      <Filter>High-Speed-Charting-Control</Filter>
    </ClInclude>
    <ClInclude Include="High-Speed-Charting-Control\ChartSerieBase.h">
      <Filter>High-Speed-Charting-Control</Filter>
    </ClInclude>
    <ClInclude Include="High-Speed-Charting-Control\ChartSeriesMouseListener.h">
      <Filter>High-Speed-Charting-Control</Filter>
    </ClInclude>
    <ClInclude Include="High-Speed-Charting-Control\ChartStandardAxis.h">
      <Filter>High-Speed-Charting-Control</Filter>
    </ClInclude>
    <ClInclude Include="High-Speed-Charting-Control\ChartString.h">
      <Filter>High-Speed-Charting-Control</Filter>
    </ClInclude>
    <ClInclude Include="High-Speed-Charting-Control\ChartSurfaceSerie.h">
      <Filter>High-Speed-Charting-Control</Filter>
    </ClInclude>
    <ClInclude Include="High-Speed-Charting-Control\ChartTitle.h">
      <Filter>High-Speed-Charting-Control</Filter>
    </ClInclude>
    <ClInclude Include="High-Speed-Charting-Control\ChartXYSerie.h">
      <Filter>High-Speed-Charting-Control</Filter>
    </ClInclude>
    <ClInclude Include="High-Speed-Charting-Control\PointsOrdering.h">
      <Filter>High-Speed-Charting-Control</Filter>
    </ClInclude>
    <ClInclude Include="MarketTemperature\DlgMarketTemperatureChart_RiseRatioTradeVolume.h">
      <Filter>MarketTemperature</Filter>
    </ClInclude>
    <ClInclude Include="MarketTemperature\DlgMarketTemperatureChart_CapitalFlow.h">
      <Filter>MarketTemperature</Filter>
    </ClInclude>
    <ClInclude Include="MarketTemperature\DlgMarketTemperatureChart_RiseDrop2Limit.h">
      <Filter>MarketTemperature</Filter>
    </ClInclude>
    <ClInclude Include="Tools\DialogPlaceHolderDB.h">
      <Filter>Tools</Filter>
    </ClInclude>
    <ClInclude Include="Tools\CustomTabCtrlDlgDB.h">
      <Filter>Tools</Filter>
    </ClInclude>
    <ClInclude Include="Tools\DataProvider.h">
      <Filter>Tools</Filter>
    </ClInclude>
    <ClInclude Include="Future\DataProvider_DailyMacroEnvironmentAnalyze.h">
      <Filter>Future</Filter>
    </ClInclude>
    <ClInclude Include="Future\DataProvider_DailyTradeSummarize.h">
      <Filter>Future</Filter>
    </ClInclude>
  </ItemGroup>
  <ItemGroup>
    <ClCompile Include="ADRTrade.cpp">
      <Filter>源文件</Filter>
    </ClCompile>
    <ClCompile Include="stdafx.cpp">
      <Filter>源文件</Filter>
    </ClCompile>
    <ClCompile Include="MainFrm.cpp">
      <Filter>源文件</Filter>
    </ClCompile>
    <ClCompile Include="ChildFrm.cpp">
      <Filter>源文件</Filter>
    </ClCompile>
    <ClCompile Include="ViewTree.cpp">
      <Filter>源文件</Filter>
    </ClCompile>
    <ClCompile Include="PropertiesWnd.cpp">
      <Filter>源文件</Filter>
    </ClCompile>
    <ClCompile Include="Tools\AsynProcessorWithProgress.cpp">
      <Filter>Tools</Filter>
    </ClCompile>
    <ClCompile Include="Tools\CheckComboBox.cpp">
      <Filter>Tools</Filter>
    </ClCompile>
    <ClCompile Include="Tools\CustomButton.cpp">
      <Filter>Tools</Filter>
    </ClCompile>
    <ClCompile Include="Tools\Dlg4ProgressThread.cpp">
      <Filter>Tools</Filter>
    </ClCompile>
    <ClCompile Include="Tools\DlgGridPage.cpp">
      <Filter>Tools</Filter>
    </ClCompile>
    <ClCompile Include="Tools\DlgTab.cpp">
      <Filter>Tools</Filter>
    </ClCompile>
    <ClCompile Include="Tools\InputEdit.cpp">
      <Filter>Tools</Filter>
    </ClCompile>
    <ClCompile Include="Tools\pugixml.cpp">
      <Filter>Tools</Filter>
    </ClCompile>
    <ClCompile Include="DialogIDManager.cpp">
      <Filter>源文件</Filter>
    </ClCompile>
    <ClCompile Include="Tools\StyleManager.cpp">
      <Filter>Tools</Filter>
    </ClCompile>
    <ClCompile Include="Tools\CollectiveComponentProvider.cpp">
      <Filter>Tools</Filter>
    </ClCompile>
    <ClCompile Include="Tools\ChildDlgTab.cpp">
      <Filter>Tools</Filter>
    </ClCompile>
    <ClCompile Include="UIData.cpp">
      <Filter>源文件</Filter>
    </ClCompile>
    <ClCompile Include="Tools\DialogLayout.cpp">
      <Filter>Tools</Filter>
    </ClCompile>
    <ClCompile Include="Tools\DialogPlaceHolder.cpp">
      <Filter>Tools</Filter>
    </ClCompile>
    <ClCompile Include="Tools\DialogPlaceHolderComposite.cpp">
      <Filter>Tools</Filter>
    </ClCompile>
    <ClCompile Include="ADRTradeDayDoc.cpp">
      <Filter>源文件</Filter>
    </ClCompile>
    <ClCompile Include="ADRTradeDayView.cpp">
      <Filter>源文件</Filter>
    </ClCompile>
    <ClCompile Include="MacroEnvironment\DlgTab_WorldEcnomic.cpp">
      <Filter>MacroEnvironment</Filter>
    </ClCompile>
    <ClCompile Include="Tools\EditTreeCtrl.cpp">
      <Filter>Tools</Filter>
    </ClCompile>
    <ClCompile Include="Tools\EditTreeCtrlEx.cpp">
      <Filter>Tools</Filter>
    </ClCompile>
    <ClCompile Include="Tools\DlgTree.cpp">
      <Filter>Tools</Filter>
    </ClCompile>
    <ClCompile Include="Tools\DialogPopup.cpp">
      <Filter>Tools</Filter>
    </ClCompile>
    <ClCompile Include="Stock\DlgPopup_StockPool.cpp">
      <Filter>Stock</Filter>
    </ClCompile>
    <ClCompile Include="Stock\DialogStockPool_StockTree.cpp">
      <Filter>Stock</Filter>
    </ClCompile>
    <ClCompile Include="Stock\DialogStock_1DayAnalyze.cpp">
      <Filter>Stock</Filter>
    </ClCompile>
    <ClCompile Include="Stock\DialogStock_FundamentalAnalysis.cpp">
      <Filter>Stock</Filter>
    </ClCompile>
    <ClCompile Include="Stock\DialogStock_TrackPhraseIn1Week.cpp">
      <Filter>Stock</Filter>
    </ClCompile>
    <ClCompile Include="Tools\CustomTabCtrl.cpp">
      <Filter>Tools</Filter>
    </ClCompile>
    <ClCompile Include="Tools\ThemeUtil.cpp">
      <Filter>Tools</Filter>
    </ClCompile>
    <ClCompile Include="Stock\DialogStockPool_Stock.cpp">
      <Filter>Stock</Filter>
    </ClCompile>
    <ClCompile Include="Stock\DialogStockPool_Stocks.cpp">
      <Filter>Stock</Filter>
    </ClCompile>
    <ClCompile Include="Tools\CustomTabCtrlItem.cpp">
      <Filter>Tools</Filter>
    </ClCompile>
    <ClCompile Include="Tools\CustomTabCtrlDlg.cpp">
      <Filter>Tools</Filter>
    </ClCompile>
    <ClCompile Include="Future\FutureContract_TradeDialogs.cpp">
      <Filter>Future</Filter>
    </ClCompile>
    <ClCompile Include="Tools\BusinessEdit.cpp">
      <Filter>Tools</Filter>
    </ClCompile>
    <ClCompile Include="Tools\BusinessComboBox.cpp">
      <Filter>Tools</Filter>
    </ClCompile>
    <ClCompile Include="UIDataManager.cpp">
      <Filter>头文件</Filter>
    </ClCompile>
    <ClCompile Include="Future\CustomTabCtrlDlg_DailyMinorCycleAnalyze.cpp">
      <Filter>Future</Filter>
    </ClCompile>
    <ClCompile Include="Future\DialogPlaceHolder_MinorCycleAnalyze.cpp">
      <Filter>Future</Filter>
    </ClCompile>
    <ClCompile Include="Future\DialogPlaceHolder_LongPeriodicAnalyze.cpp">
      <Filter>Future</Filter>
    </ClCompile>
    <ClCompile Include="Tools\BusinessCheckBox.cpp">
      <Filter>Tools</Filter>
    </ClCompile>
    <ClCompile Include="Future\DialogPlaceHolder_DailyTraceEvidence.cpp">
      <Filter>Future</Filter>
    </ClCompile>
    <ClCompile Include="Future\DialogPlaceHolder_DailyTraceConflict.cpp">
      <Filter>Future</Filter>
    </ClCompile>
    <ClCompile Include="Tools\ControlCreator.cpp">
      <Filter>Tools</Filter>
    </ClCompile>
    <ClCompile Include="ADRTradeRecordDoc.cpp">
      <Filter>源文件</Filter>
    </ClCompile>
    <ClCompile Include="ADRTradeRecordView.cpp">
      <Filter>源文件</Filter>
    </ClCompile>
    <ClCompile Include="DocumentTemplateManager.cpp">
      <Filter>源文件</Filter>
    </ClCompile>
    <ClCompile Include="WeatherGlass\WeatherGlass_TabCtrlDlg.cpp">
      <Filter>WeatherGlass</Filter>
    </ClCompile>
    <ClCompile Include="DlgPopup_SelectDocument.cpp">
      <Filter>源文件</Filter>
    </ClCompile>
    <ClCompile Include="GirdBehaviour\GridCellAttributeBehaviour.cpp">
      <Filter>GirdBehaviour</Filter>
    </ClCompile>
    <ClCompile Include="GirdBehaviour\GridCellBehaviour.cpp">
      <Filter>GirdBehaviour</Filter>
    </ClCompile>
    <ClCompile Include="GirdBehaviour\GridViewField.cpp">
      <Filter>GirdBehaviour</Filter>
    </ClCompile>
    <ClCompile Include="GirdBehaviour\GridFieldMeta.cpp">
      <Filter>GirdBehaviour</Filter>
    </ClCompile>
    <ClCompile Include="ADRMarketTemperatureDoc.cpp">
      <Filter>源文件</Filter>
    </ClCompile>
    <ClCompile Include="ADRMarketTemperatureView.cpp">
      <Filter>源文件</Filter>
    </ClCompile>
    <ClCompile Include="MarketTemperature\DlgMarketTemperature_Chart.cpp">
      <Filter>MarketTemperature</Filter>
    </ClCompile>
    <ClCompile Include="MarketTemperature\DlgMarketTemperature_Data.cpp">
      <Filter>MarketTemperature</Filter>
    </ClCompile>
    <ClCompile Include="High-Speed-Charting-Control\ChartAxis.cpp">
      <Filter>High-Speed-Charting-Control</Filter>
    </ClCompile>
    <ClCompile Include="High-Speed-Charting-Control\ChartAxisLabel.cpp">
      <Filter>High-Speed-Charting-Control</Filter>
    </ClCompile>
    <ClCompile Include="High-Speed-Charting-Control\ChartBarSerie.cpp">
      <Filter>High-Speed-Charting-Control</Filter>
    </ClCompile>
    <ClCompile Include="High-Speed-Charting-Control\ChartCandlestickSerie.cpp">
      <Filter>High-Speed-Charting-Control</Filter>
    </ClCompile>
    <ClCompile Include="High-Speed-Charting-Control\ChartCrossHairCursor.cpp">
      <Filter>High-Speed-Charting-Control</Filter>
    </ClCompile>
    <ClCompile Include="High-Speed-Charting-Control\ChartCtrl.cpp">
      <Filter>High-Speed-Charting-Control</Filter>
    </ClCompile>
    <ClCompile Include="High-Speed-Charting-Control\ChartCursor.cpp">
      <Filter>High-Speed-Charting-Control</Filter>
    </ClCompile>
    <ClCompile Include="High-Speed-Charting-Control\ChartDateTimeAxis.cpp">
      <Filter>High-Speed-Charting-Control</Filter>
    </ClCompile>
    <ClCompile Include="High-Speed-Charting-Control\ChartDragLineCursor.cpp">
      <Filter>High-Speed-Charting-Control</Filter>
    </ClCompile>
    <ClCompile Include="High-Speed-Charting-Control\ChartFont.cpp">
      <Filter>High-Speed-Charting-Control</Filter>
    </ClCompile>
    <ClCompile Include="High-Speed-Charting-Control\ChartGanttSerie.cpp">
      <Filter>High-Speed-Charting-Control</Filter>
    </ClCompile>
    <ClCompile Include="High-Speed-Charting-Control\ChartGradient.cpp">
      <Filter>High-Speed-Charting-Control</Filter>
    </ClCompile>
    <ClCompile Include="High-Speed-Charting-Control\ChartGrid.cpp">
      <Filter>High-Speed-Charting-Control</Filter>
    </ClCompile>
    <ClCompile Include="High-Speed-Charting-Control\ChartLegend.cpp">
      <Filter>High-Speed-Charting-Control</Filter>
    </ClCompile>
    <ClCompile Include="High-Speed-Charting-Control\ChartLineSerie.cpp">
      <Filter>High-Speed-Charting-Control</Filter>
    </ClCompile>
    <ClCompile Include="High-Speed-Charting-Control\ChartLogarithmicAxis.cpp">
      <Filter>High-Speed-Charting-Control</Filter>
    </ClCompile>
    <ClCompile Include="High-Speed-Charting-Control\ChartPointsSerie.cpp">
      <Filter>High-Speed-Charting-Control</Filter>
    </ClCompile>
    <ClCompile Include="High-Speed-Charting-Control\ChartScrollBar.cpp">
      <Filter>High-Speed-Charting-Control</Filter>
    </ClCompile>
    <ClCompile Include="High-Speed-Charting-Control\ChartSerie.cpp">
      <Filter>High-Speed-Charting-Control</Filter>
    </ClCompile>
    <ClCompile Include="High-Speed-Charting-Control\ChartStandardAxis.cpp">
      <Filter>High-Speed-Charting-Control</Filter>
    </ClCompile>
    <ClCompile Include="High-Speed-Charting-Control\ChartSurfaceSerie.cpp">
      <Filter>High-Speed-Charting-Control</Filter>
    </ClCompile>
    <ClCompile Include="High-Speed-Charting-Control\ChartTitle.cpp">
      <Filter>High-Speed-Charting-Control</Filter>
    </ClCompile>
    <ClCompile Include="High-Speed-Charting-Control\ChartXYSerie.cpp">
      <Filter>High-Speed-Charting-Control</Filter>
    </ClCompile>
    <ClCompile Include="MarketTemperature\DlgMarketTemperatureChart_RiseRatioTradeVolume.cpp">
      <Filter>MarketTemperature</Filter>
    </ClCompile>
    <ClCompile Include="MarketTemperature\DlgMarketTemperatureChart_CapitalFlow.cpp">
      <Filter>MarketTemperature</Filter>
    </ClCompile>
    <ClCompile Include="MarketTemperature\DlgMarketTemperatureChart_RiseDrop2Limit.cpp">
      <Filter>MarketTemperature</Filter>
    </ClCompile>
    <ClCompile Include="Tools\DialogPlaceHolderDB.cpp">
      <Filter>Tools</Filter>
    </ClCompile>
    <ClCompile Include="Tools\CustomTabCtrlDlgDB.cpp">
      <Filter>Tools</Filter>
    </ClCompile>
    <ClCompile Include="Tools\DataProvider.cpp">
      <Filter>Tools</Filter>
    </ClCompile>
    <ClCompile Include="Future\DataProvider_DailyMacroEnvironmentAnalyze.cpp">
      <Filter>Future</Filter>
    </ClCompile>
    <ClCompile Include="Future\DataProvider_DailyTradeSummarize.cpp">
      <Filter>Future</Filter>
    </ClCompile>
  </ItemGroup>
  <ItemGroup>
    <ResourceCompile Include="ADRTrade.rc">
      <Filter>资源文件</Filter>
    </ResourceCompile>
  </ItemGroup>
  <ItemGroup>
    <Image Include="res\file_view.ico">
      <Filter>资源文件</Filter>
    </Image>
    <Image Include="res\file_view_hc.ico">
      <Filter>资源文件</Filter>
    </Image>
    <Image Include="res\class_view.ico">
      <Filter>资源文件</Filter>
    </Image>
    <Image Include="res\class_view_hc.ico">
      <Filter>资源文件</Filter>
    </Image>
    <Image Include="res\fileview.bmp">
      <Filter>资源文件</Filter>
    </Image>
    <Image Include="res\fileview_hc.bmp">
      <Filter>资源文件</Filter>
    </Image>
    <Image Include="res\classview.bmp">
      <Filter>资源文件</Filter>
    </Image>
    <Image Include="res\classview_hc.bmp">
      <Filter>资源文件</Filter>
    </Image>
    <Image Include="res\explorer.bmp">
      <Filter>资源文件</Filter>
    </Image>
    <Image Include="res\explorer_hc.bmp">
      <Filter>资源文件</Filter>
    </Image>
    <Image Include="res\sort.bmp">
      <Filter>资源文件</Filter>
    </Image>
    <Image Include="res\sort_hc.bmp">
      <Filter>资源文件</Filter>
    </Image>
    <Image Include="res\menuimages.bmp">
      <Filter>资源文件</Filter>
    </Image>
    <Image Include="res\menuimages_hc.bmp">
      <Filter>资源文件</Filter>
    </Image>
    <Image Include="res\output_wnd.ico">
      <Filter>资源文件</Filter>
    </Image>
    <Image Include="res\output_wnd_hc.ico">
      <Filter>资源文件</Filter>
    </Image>
    <Image Include="res\properties_wnd.ico">
      <Filter>资源文件</Filter>
    </Image>
    <Image Include="res\properties_wnd_hc.ico">
      <Filter>资源文件</Filter>
    </Image>
    <Image Include="res\properties.bmp">
      <Filter>资源文件</Filter>
    </Image>
    <Image Include="res\properties_hc.bmp">
      <Filter>资源文件</Filter>
    </Image>
    <Image Include="UserImages.bmp">
      <Filter>资源文件</Filter>
    </Image>
    <Image Include="res\ADRTradeDoc.ico">
      <Filter>资源文件</Filter>
    </Image>
    <Image Include="res\ADRTrade.ico">
      <Filter>资源文件</Filter>
    </Image>
    <Image Include="res\Toolbar.bmp">
      <Filter>资源文件</Filter>
    </Image>
    <Image Include="res\Toolbar256.bmp">
      <Filter>资源文件</Filter>
    </Image>
  </ItemGroup>
  <ItemGroup>
    <None Include="res\ADRTrade.rc2">
      <Filter>资源文件</Filter>
    </None>
    <None Include="res\DRAGMOVE.CUR">
      <Filter>资源文件</Filter>
    </None>
    <None Include="res\DRAGCOPY.CUR">
      <Filter>资源文件</Filter>
    </None>
    <None Include="High-Speed-Charting-Control\ChartBalloonLabel.inl">
      <Filter>High-Speed-Charting-Control</Filter>
    </None>
    <None Include="High-Speed-Charting-Control\ChartLabel.inl">
      <Filter>High-Speed-Charting-Control</Filter>
    </None>
    <None Include="High-Speed-Charting-Control\ChartPointsArray.inl">
      <Filter>High-Speed-Charting-Control</Filter>
    </None>
    <None Include="High-Speed-Charting-Control\ChartSerieBase.inl">
      <Filter>High-Speed-Charting-Control</Filter>
    </None>
  </ItemGroup>
</Project>